// !$*UTF8*$!
{
	archiveVersion = 1;
	classes = {
	};
	objectVersion = 46;
	objects = {

/* Begin PBXBuildFile section */
		291843991B9D403A00720334 /* VersionController.m in Sources */ = {isa = PBXBuildFile; fileRef = 291843981B9D403A00720334 /* VersionController.m */; };
		291FDDA41B9D7B1F00536E7B /* ActivityControl.m in Sources */ = {isa = PBXBuildFile; fileRef = 291FDDA31B9D7B1F00536E7B /* ActivityControl.m */; };
		292814511B8E029A008AEC55 /* main.m in Sources */ = {isa = PBXBuildFile; fileRef = 292814501B8E029A008AEC55 /* main.m */; };
		292814541B8E029A008AEC55 /* AppDelegate.m in Sources */ = {isa = PBXBuildFile; fileRef = 292814531B8E029A008AEC55 /* AppDelegate.m */; };
		2928145F1B8E029A008AEC55 /* Images.xcassets in Resources */ = {isa = PBXBuildFile; fileRef = 2928145E1B8E029A008AEC55 /* Images.xcassets */; };
		292814621B8E029A008AEC55 /* LaunchScreen.xib in Resources */ = {isa = PBXBuildFile; fileRef = 292814601B8E029A008AEC55 /* LaunchScreen.xib */; };
		2928146E1B8E029A008AEC55 /* GenealogyTests.m in Sources */ = {isa = PBXBuildFile; fileRef = 2928146D1B8E029A008AEC55 /* GenealogyTests.m */; };
		296803461BA15524002600B6 /* ViewActionDTO.m in Sources */ = {isa = PBXBuildFile; fileRef = 296803451BA15524002600B6 /* ViewActionDTO.m */; };
		296803491BA15538002600B6 /* ActionDTO.m in Sources */ = {isa = PBXBuildFile; fileRef = 296803481BA15538002600B6 /* ActionDTO.m */; };
		296FE84B1B934A9F0029CD2F /* ParallaxItem.swift in Sources */ = {isa = PBXBuildFile; fileRef = 296FE84A1B934A9F0029CD2F /* ParallaxItem.swift */; };
		296FE84D1B934ACB0029CD2F /* RMParallax.swift in Sources */ = {isa = PBXBuildFile; fileRef = 296FE84C1B934ACB0029CD2F /* RMParallax.swift */; };
		296FE8531B934D900029CD2F /* GuidViewController.m in Sources */ = {isa = PBXBuildFile; fileRef = 296FE8521B934D900029CD2F /* GuidViewController.m */; };
		297F870C1B8ED34E0056A89A /* MXHFrameWork.m in Sources */ = {isa = PBXBuildFile; fileRef = 297F870B1B8ED34E0056A89A /* MXHFrameWork.m */; };
		297F870E1B8EE1C40056A89A /* configure.plist in Resources */ = {isa = PBXBuildFile; fileRef = 297F870D1B8EE1C40056A89A /* configure.plist */; };
		29A1BC561B9040AB001AE4B5 /* MainViewController.m in Sources */ = {isa = PBXBuildFile; fileRef = 29A1BC551B9040AB001AE4B5 /* MainViewController.m */; };
		29A1BC5C1B904421001AE4B5 /* LoginViewController.m in Sources */ = {isa = PBXBuildFile; fileRef = 29A1BC5A1B904421001AE4B5 /* LoginViewController.m */; };
		29A1BC5D1B904421001AE4B5 /* LoginViewController.xib in Resources */ = {isa = PBXBuildFile; fileRef = 29A1BC5B1B904421001AE4B5 /* LoginViewController.xib */; };
		29DCA7B81B9DE79600898D91 /* AddFamilyInfo.m in Sources */ = {isa = PBXBuildFile; fileRef = 29DCA7521B9DE79600898D91 /* AddFamilyInfo.m */; };
		29DCA7B91B9DE79600898D91 /* DeleteFamilyInfo.m in Sources */ = {isa = PBXBuildFile; fileRef = 29DCA7541B9DE79600898D91 /* DeleteFamilyInfo.m */; };
		29DCA7BA1B9DE79600898D91 /* CleansmanDTO.m in Sources */ = {isa = PBXBuildFile; fileRef = 29DCA7571B9DE79600898D91 /* CleansmanDTO.m */; };
		29DCA7BB1B9DE79600898D91 /* FamileyNoteDTO.m in Sources */ = {isa = PBXBuildFile; fileRef = 29DCA7591B9DE79600898D91 /* FamileyNoteDTO.m */; };
		29DCA7BC1B9DE79600898D91 /* FamilyInfoDTO.m in Sources */ = {isa = PBXBuildFile; fileRef = 29DCA75B1B9DE79600898D91 /* FamilyInfoDTO.m */; };
		29DCA7BD1B9DE79600898D91 /* FemaleNoteDTO.m in Sources */ = {isa = PBXBuildFile; fileRef = 29DCA75D1B9DE79600898D91 /* FemaleNoteDTO.m */; };
		29DCA7BE1B9DE79600898D91 /* PhoneNoteDTO.m in Sources */ = {isa = PBXBuildFile; fileRef = 29DCA75F1B9DE79600898D91 /* PhoneNoteDTO.m */; };
		29DCA7BF1B9DE79600898D91 /* GetClansman.m in Sources */ = {isa = PBXBuildFile; fileRef = 29DCA7611B9DE79600898D91 /* GetClansman.m */; };
		29DCA7C01B9DE79600898D91 /* GetClansmanTree.m in Sources */ = {isa = PBXBuildFile; fileRef = 29DCA7631B9DE79600898D91 /* GetClansmanTree.m */; };
		29DCA7C11B9DE79600898D91 /* GetCleansmanList.m in Sources */ = {isa = PBXBuildFile; fileRef = 29DCA7651B9DE79600898D91 /* GetCleansmanList.m */; };
		29DCA7C21B9DE79600898D91 /* GetFamilyOtherClansman.m in Sources */ = {isa = PBXBuildFile; fileRef = 29DCA7671B9DE79600898D91 /* GetFamilyOtherClansman.m */; };
		29DCA7C31B9DE79600898D91 /* GetPeople.m in Sources */ = {isa = PBXBuildFile; fileRef = 29DCA7691B9DE79600898D91 /* GetPeople.m */; };
		29DCA7C41B9DE79600898D91 /* RemovPeople.m in Sources */ = {isa = PBXBuildFile; fileRef = 29DCA76B1B9DE79600898D91 /* RemovPeople.m */; };
		29DCA7C51B9DE79600898D91 /* UpdateFamilyInfo.m in Sources */ = {isa = PBXBuildFile; fileRef = 29DCA76D1B9DE79600898D91 /* UpdateFamilyInfo.m */; };
		29DCA7C61B9DE79600898D91 /* UpdatePeopleInfo.m in Sources */ = {isa = PBXBuildFile; fileRef = 29DCA76F1B9DE79600898D91 /* UpdatePeopleInfo.m */; };
		29DCA7C71B9DE79600898D91 /* UpdatePeopleLocal.m in Sources */ = {isa = PBXBuildFile; fileRef = 29DCA7711B9DE79600898D91 /* UpdatePeopleLocal.m */; };
		29DCA7C91B9DE79600898D91 /* CommentDTO.m in Sources */ = {isa = PBXBuildFile; fileRef = 29DCA7771B9DE79600898D91 /* CommentDTO.m */; };
		29DCA7CA1B9DE79600898D91 /* GetActionComment.m in Sources */ = {isa = PBXBuildFile; fileRef = 29DCA7791B9DE79600898D91 /* GetActionComment.m */; };
		29DCA7CB1B9DE79600898D91 /* GetFamilyAction.m in Sources */ = {isa = PBXBuildFile; fileRef = 29DCA77B1B9DE79600898D91 /* GetFamilyAction.m */; };
		29DCA7CC1B9DE79600898D91 /* UpdatePraise.m in Sources */ = {isa = PBXBuildFile; fileRef = 29DCA77D1B9DE79600898D91 /* UpdatePraise.m */; };
		29DCA7CD1B9DE79600898D91 /* UploadComment.m in Sources */ = {isa = PBXBuildFile; fileRef = 29DCA77F1B9DE79600898D91 /* UploadComment.m */; };
		29DCA7CE1B9DE79600898D91 /* AddFamilyNotice.m in Sources */ = {isa = PBXBuildFile; fileRef = 29DCA7821B9DE79600898D91 /* AddFamilyNotice.m */; };
		29DCA7CF1B9DE79600898D91 /* AttentionNotice.m in Sources */ = {isa = PBXBuildFile; fileRef = 29DCA7841B9DE79600898D91 /* AttentionNotice.m */; };
		29DCA7D01B9DE79600898D91 /* CommentNotice.m in Sources */ = {isa = PBXBuildFile; fileRef = 29DCA7861B9DE79600898D91 /* CommentNotice.m */; };
		29DCA7D11B9DE79600898D91 /* NoticeCommentDTO.m in Sources */ = {isa = PBXBuildFile; fileRef = 29DCA7891B9DE79600898D91 /* NoticeCommentDTO.m */; };
		29DCA7D21B9DE79600898D91 /* NoticeDTO.m in Sources */ = {isa = PBXBuildFile; fileRef = 29DCA78B1B9DE79600898D91 /* NoticeDTO.m */; };
		29DCA7D31B9DE79600898D91 /* NoticeInfoDTO.m in Sources */ = {isa = PBXBuildFile; fileRef = 29DCA78D1B9DE79600898D91 /* NoticeInfoDTO.m */; };
		29DCA7D41B9DE79600898D91 /* GetFamilyNotice.m in Sources */ = {isa = PBXBuildFile; fileRef = 29DCA78F1B9DE79600898D91 /* GetFamilyNotice.m */; };
		29DCA7D51B9DE79600898D91 /* GetFamilyNoticeInfo.m in Sources */ = {isa = PBXBuildFile; fileRef = 29DCA7911B9DE79600898D91 /* GetFamilyNoticeInfo.m */; };
		29DCA7D61B9DE79600898D91 /* UpdateFamilyNotice.m in Sources */ = {isa = PBXBuildFile; fileRef = 29DCA7931B9DE79600898D91 /* UpdateFamilyNotice.m */; };
		29DCA7D71B9DE79600898D91 /* AddAction.m in Sources */ = {isa = PBXBuildFile; fileRef = 29DCA7961B9DE79600898D91 /* AddAction.m */; };
		29DCA7D81B9DE79600898D91 /* DeleteAction.m in Sources */ = {isa = PBXBuildFile; fileRef = 29DCA7981B9DE79600898D91 /* DeleteAction.m */; };
		29DCA7DA1B9DE79600898D91 /* SettingInfoDTO.m in Sources */ = {isa = PBXBuildFile; fileRef = 29DCA79D1B9DE79600898D91 /* SettingInfoDTO.m */; };
		29DCA7DB1B9DE79600898D91 /* GetSetting.m in Sources */ = {isa = PBXBuildFile; fileRef = 29DCA79F1B9DE79600898D91 /* GetSetting.m */; };
		29DCA7DC1B9DE79600898D91 /* UpdateAction.m in Sources */ = {isa = PBXBuildFile; fileRef = 29DCA7A11B9DE79600898D91 /* UpdateAction.m */; };
		29DCA7DD1B9DE79600898D91 /* UpdatePhone.m in Sources */ = {isa = PBXBuildFile; fileRef = 29DCA7A31B9DE79600898D91 /* UpdatePhone.m */; };
		29DCA7DE1B9DE79600898D91 /* UpdateQuestion.m in Sources */ = {isa = PBXBuildFile; fileRef = 29DCA7A51B9DE79600898D91 /* UpdateQuestion.m */; };
		29DCA7DF1B9DE79600898D91 /* UpdateSetting.m in Sources */ = {isa = PBXBuildFile; fileRef = 29DCA7A71B9DE79600898D91 /* UpdateSetting.m */; };
		29DCA7E01B9DE79600898D91 /* AddressInfoDTO.m in Sources */ = {isa = PBXBuildFile; fileRef = 29DCA7AB1B9DE79600898D91 /* AddressInfoDTO.m */; };
		29DCA7E11B9DE79600898D91 /* UserInfoDTO.m in Sources */ = {isa = PBXBuildFile; fileRef = 29DCA7AD1B9DE79600898D91 /* UserInfoDTO.m */; };
		29DCA7E41B9DE79600898D91 /* Login.m in Sources */ = {isa = PBXBuildFile; fileRef = 29DCA7B31B9DE79600898D91 /* Login.m */; };
		29DCA7E51B9DE79600898D91 /* Logout.m in Sources */ = {isa = PBXBuildFile; fileRef = 29DCA7B51B9DE79600898D91 /* Logout.m */; };
		29DCA7E61B9DE79600898D91 /* Regist.m in Sources */ = {isa = PBXBuildFile; fileRef = 29DCA7B71B9DE79600898D91 /* Regist.m */; };
		29DCA7EB1B9DE7F000898D91 /* GetAppVersion.m in Sources */ = {isa = PBXBuildFile; fileRef = 29DCA7E81B9DE7F000898D91 /* GetAppVersion.m */; };
		29DCA7EC1B9DE7F000898D91 /* GetValidCode.m in Sources */ = {isa = PBXBuildFile; fileRef = 29DCA7EA1B9DE7F000898D91 /* GetValidCode.m */; };
		29EC19391B9087F3002204D9 /* BaseModel.m in Sources */ = {isa = PBXBuildFile; fileRef = 29EC19381B9087F3002204D9 /* BaseModel.m */; };
		29EC199D1B9095ED002204D9 /* AFHTTPRequestOperation.m in Sources */ = {isa = PBXBuildFile; fileRef = 29EC19791B9095ED002204D9 /* AFHTTPRequestOperation.m */; };
		29EC199E1B9095ED002204D9 /* AFHTTPRequestOperationManager.m in Sources */ = {isa = PBXBuildFile; fileRef = 29EC197B1B9095ED002204D9 /* AFHTTPRequestOperationManager.m */; };
		29EC199F1B9095ED002204D9 /* AFHTTPSessionManager.m in Sources */ = {isa = PBXBuildFile; fileRef = 29EC197D1B9095ED002204D9 /* AFHTTPSessionManager.m */; };
		29EC19A01B9095ED002204D9 /* AFNetworkReachabilityManager.m in Sources */ = {isa = PBXBuildFile; fileRef = 29EC19801B9095ED002204D9 /* AFNetworkReachabilityManager.m */; };
		29EC19A11B9095ED002204D9 /* AFSecurityPolicy.m in Sources */ = {isa = PBXBuildFile; fileRef = 29EC19821B9095ED002204D9 /* AFSecurityPolicy.m */; };
		29EC19A21B9095ED002204D9 /* AFURLConnectionOperation.m in Sources */ = {isa = PBXBuildFile; fileRef = 29EC19841B9095ED002204D9 /* AFURLConnectionOperation.m */; };
		29EC19A31B9095ED002204D9 /* AFURLRequestSerialization.m in Sources */ = {isa = PBXBuildFile; fileRef = 29EC19861B9095ED002204D9 /* AFURLRequestSerialization.m */; };
		29EC19A41B9095ED002204D9 /* AFURLResponseSerialization.m in Sources */ = {isa = PBXBuildFile; fileRef = 29EC19881B9095ED002204D9 /* AFURLResponseSerialization.m */; };
		29EC19A51B9095ED002204D9 /* AFURLSessionManager.m in Sources */ = {isa = PBXBuildFile; fileRef = 29EC198A1B9095ED002204D9 /* AFURLSessionManager.m */; };
		29EC19A61B9095ED002204D9 /* AFNetworkActivityIndicatorManager.m in Sources */ = {isa = PBXBuildFile; fileRef = 29EC198D1B9095ED002204D9 /* AFNetworkActivityIndicatorManager.m */; };
		29EC19A71B9095ED002204D9 /* UIActivityIndicatorView+AFNetworking.m in Sources */ = {isa = PBXBuildFile; fileRef = 29EC198F1B9095ED002204D9 /* UIActivityIndicatorView+AFNetworking.m */; };
		29EC19A81B9095ED002204D9 /* UIAlertView+AFNetworking.m in Sources */ = {isa = PBXBuildFile; fileRef = 29EC19911B9095ED002204D9 /* UIAlertView+AFNetworking.m */; };
		29EC19A91B9095ED002204D9 /* UIButton+AFNetworking.m in Sources */ = {isa = PBXBuildFile; fileRef = 29EC19931B9095ED002204D9 /* UIButton+AFNetworking.m */; };
		29EC19AA1B9095ED002204D9 /* UIImageView+AFNetworking.m in Sources */ = {isa = PBXBuildFile; fileRef = 29EC19951B9095ED002204D9 /* UIImageView+AFNetworking.m */; };
		29EC19AB1B9095ED002204D9 /* UIProgressView+AFNetworking.m in Sources */ = {isa = PBXBuildFile; fileRef = 29EC19981B9095ED002204D9 /* UIProgressView+AFNetworking.m */; };
		29EC19AC1B9095ED002204D9 /* UIRefreshControl+AFNetworking.m in Sources */ = {isa = PBXBuildFile; fileRef = 29EC199A1B9095ED002204D9 /* UIRefreshControl+AFNetworking.m */; };
		29EC19AD1B9095ED002204D9 /* UIWebView+AFNetworking.m in Sources */ = {isa = PBXBuildFile; fileRef = 29EC199C1B9095ED002204D9 /* UIWebView+AFNetworking.m */; };
		29EC19C51B91AB79002204D9 /* ServiceBaseModel.m in Sources */ = {isa = PBXBuildFile; fileRef = 29EC19C41B91AB79002204D9 /* ServiceBaseModel.m */; };
		29EC19C91B91B2C3002204D9 /* BaseViewController.m in Sources */ = {isa = PBXBuildFile; fileRef = 29EC19C81B91B2C3002204D9 /* BaseViewController.m */; };
/* End PBXBuildFile section */

/* Begin PBXContainerItemProxy section */
		292814681B8E029A008AEC55 /* PBXContainerItemProxy */ = {
			isa = PBXContainerItemProxy;
			containerPortal = 292814431B8E029A008AEC55 /* Project object */;
			proxyType = 1;
			remoteGlobalIDString = 2928144A1B8E029A008AEC55;
			remoteInfo = Genealogy;
		};
/* End PBXContainerItemProxy section */

/* Begin PBXFileReference section */
		2918438D1B9D2E1800720334 /* CheckVersionProtocol.h */ = {isa = PBXFileReference; lastKnownFileType = sourcecode.c.h; name = CheckVersionProtocol.h; path = Protocal/CheckVersionProtocol.h; sourceTree = "<group>"; };
		291843971B9D403A00720334 /* VersionController.h */ = {isa = PBXFileReference; fileEncoding = 4; lastKnownFileType = sourcecode.c.h; name = VersionController.h; path = Controller/VersionController.h; sourceTree = "<group>"; };
		291843981B9D403A00720334 /* VersionController.m */ = {isa = PBXFileReference; fileEncoding = 4; lastKnownFileType = sourcecode.c.objc; name = VersionController.m; path = Controller/VersionController.m; sourceTree = "<group>"; };
		291FDDA21B9D7B1F00536E7B /* ActivityControl.h */ = {isa = PBXFileReference; fileEncoding = 4; lastKnownFileType = sourcecode.c.h; name = ActivityControl.h; path = FrameWork/ViewController/ActivityControl.h; sourceTree = "<group>"; };
		291FDDA31B9D7B1F00536E7B /* ActivityControl.m */ = {isa = PBXFileReference; fileEncoding = 4; lastKnownFileType = sourcecode.c.objc; name = ActivityControl.m; path = FrameWork/ViewController/ActivityControl.m; sourceTree = "<group>"; };
		2928144B1B8E029A008AEC55 /* Genealogy.app */ = {isa = PBXFileReference; explicitFileType = wrapper.application; includeInIndex = 0; path = Genealogy.app; sourceTree = BUILT_PRODUCTS_DIR; };
		2928144F1B8E029A008AEC55 /* Info.plist */ = {isa = PBXFileReference; lastKnownFileType = text.plist.xml; path = Info.plist; sourceTree = "<group>"; };
		292814501B8E029A008AEC55 /* main.m */ = {isa = PBXFileReference; lastKnownFileType = sourcecode.c.objc; path = main.m; sourceTree = "<group>"; };
		292814521B8E029A008AEC55 /* AppDelegate.h */ = {isa = PBXFileReference; lastKnownFileType = sourcecode.c.h; path = AppDelegate.h; sourceTree = "<group>"; };
		292814531B8E029A008AEC55 /* AppDelegate.m */ = {isa = PBXFileReference; lastKnownFileType = sourcecode.c.objc; path = AppDelegate.m; sourceTree = "<group>"; };
		2928145E1B8E029A008AEC55 /* Images.xcassets */ = {isa = PBXFileReference; lastKnownFileType = folder.assetcatalog; path = Images.xcassets; sourceTree = "<group>"; };
		292814611B8E029A008AEC55 /* Base */ = {isa = PBXFileReference; lastKnownFileType = file.xib; name = Base; path = Base.lproj/LaunchScreen.xib; sourceTree = "<group>"; };
		292814671B8E029A008AEC55 /* GenealogyTests.xctest */ = {isa = PBXFileReference; explicitFileType = wrapper.cfbundle; includeInIndex = 0; path = GenealogyTests.xctest; sourceTree = BUILT_PRODUCTS_DIR; };
		2928146C1B8E029A008AEC55 /* Info.plist */ = {isa = PBXFileReference; lastKnownFileType = text.plist.xml; path = Info.plist; sourceTree = "<group>"; };
		2928146D1B8E029A008AEC55 /* GenealogyTests.m */ = {isa = PBXFileReference; lastKnownFileType = sourcecode.c.objc; path = GenealogyTests.m; sourceTree = "<group>"; };
		296803441BA15524002600B6 /* ViewActionDTO.h */ = {isa = PBXFileReference; fileEncoding = 4; lastKnownFileType = sourcecode.c.h; path = ViewActionDTO.h; sourceTree = "<group>"; };
		296803451BA15524002600B6 /* ViewActionDTO.m */ = {isa = PBXFileReference; fileEncoding = 4; lastKnownFileType = sourcecode.c.objc; path = ViewActionDTO.m; sourceTree = "<group>"; };
		296803471BA15538002600B6 /* ActionDTO.h */ = {isa = PBXFileReference; fileEncoding = 4; lastKnownFileType = sourcecode.c.h; path = ActionDTO.h; sourceTree = "<group>"; };
		296803481BA15538002600B6 /* ActionDTO.m */ = {isa = PBXFileReference; fileEncoding = 4; lastKnownFileType = sourcecode.c.objc; path = ActionDTO.m; sourceTree = "<group>"; };
		296FE8471B9347F00029CD2F /* Genealogy-Bridging-Header.h */ = {isa = PBXFileReference; lastKnownFileType = sourcecode.c.h; path = "Genealogy-Bridging-Header.h"; sourceTree = "<group>"; };
		296FE84A1B934A9F0029CD2F /* ParallaxItem.swift */ = {isa = PBXFileReference; fileEncoding = 4; lastKnownFileType = sourcecode.swift; name = ParallaxItem.swift; path = FrameWork/UtilityViewController/GuidViewController/ParallaxItem.swift; sourceTree = "<group>"; };
		296FE84C1B934ACB0029CD2F /* RMParallax.swift */ = {isa = PBXFileReference; fileEncoding = 4; lastKnownFileType = sourcecode.swift; name = RMParallax.swift; path = FrameWork/UtilityViewController/GuidViewController/RMParallax.swift; sourceTree = "<group>"; };
		296FE8511B934D900029CD2F /* GuidViewController.h */ = {isa = PBXFileReference; fileEncoding = 4; lastKnownFileType = sourcecode.c.h; name = GuidViewController.h; path = Layout/Guid/GuidViewController.h; sourceTree = "<group>"; };
		296FE8521B934D900029CD2F /* GuidViewController.m */ = {isa = PBXFileReference; fileEncoding = 4; lastKnownFileType = sourcecode.c.objc; name = GuidViewController.m; path = Layout/Guid/GuidViewController.m; sourceTree = "<group>"; };
		297F870A1B8ED33A0056A89A /* MXHFrameWork.h */ = {isa = PBXFileReference; lastKnownFileType = sourcecode.c.h; name = MXHFrameWork.h; path = FrameWork/MXHFrameWork.h; sourceTree = "<group>"; };
		297F870B1B8ED34E0056A89A /* MXHFrameWork.m */ = {isa = PBXFileReference; fileEncoding = 4; lastKnownFileType = sourcecode.c.objc; name = MXHFrameWork.m; path = FrameWork/MXHFrameWork.m; sourceTree = "<group>"; };
		297F870D1B8EE1C40056A89A /* configure.plist */ = {isa = PBXFileReference; fileEncoding = 4; lastKnownFileType = text.plist.xml; name = configure.plist; path = Resources/configure.plist; sourceTree = "<group>"; };
		297F87271B8F46DE0056A89A /* Constant.h */ = {isa = PBXFileReference; lastKnownFileType = sourcecode.c.h; name = Constant.h; path = Protocal/Constant.h; sourceTree = "<group>"; };
		29A1BC541B9040AB001AE4B5 /* MainViewController.h */ = {isa = PBXFileReference; fileEncoding = 4; lastKnownFileType = sourcecode.c.h; path = MainViewController.h; sourceTree = "<group>"; };
		29A1BC551B9040AB001AE4B5 /* MainViewController.m */ = {isa = PBXFileReference; fileEncoding = 4; lastKnownFileType = sourcecode.c.objc; path = MainViewController.m; sourceTree = "<group>"; };
		29A1BC591B904421001AE4B5 /* LoginViewController.h */ = {isa = PBXFileReference; fileEncoding = 4; lastKnownFileType = sourcecode.c.h; name = LoginViewController.h; path = Layout/Login/LoginViewController.h; sourceTree = "<group>"; };
		29A1BC5A1B904421001AE4B5 /* LoginViewController.m */ = {isa = PBXFileReference; fileEncoding = 4; lastKnownFileType = sourcecode.c.objc; name = LoginViewController.m; path = Layout/Login/LoginViewController.m; sourceTree = "<group>"; };
		29A1BC5B1B904421001AE4B5 /* LoginViewController.xib */ = {isa = PBXFileReference; fileEncoding = 4; lastKnownFileType = file.xib; name = LoginViewController.xib; path = Layout/Login/LoginViewController.xib; sourceTree = "<group>"; };
		29DCA7511B9DE79600898D91 /* AddFamilyInfo.h */ = {isa = PBXFileReference; fileEncoding = 4; lastKnownFileType = sourcecode.c.h; path = AddFamilyInfo.h; sourceTree = "<group>"; };
		29DCA7521B9DE79600898D91 /* AddFamilyInfo.m */ = {isa = PBXFileReference; fileEncoding = 4; lastKnownFileType = sourcecode.c.objc; path = AddFamilyInfo.m; sourceTree = "<group>"; };
		29DCA7531B9DE79600898D91 /* DeleteFamilyInfo.h */ = {isa = PBXFileReference; fileEncoding = 4; lastKnownFileType = sourcecode.c.h; path = DeleteFamilyInfo.h; sourceTree = "<group>"; };
		29DCA7541B9DE79600898D91 /* DeleteFamilyInfo.m */ = {isa = PBXFileReference; fileEncoding = 4; lastKnownFileType = sourcecode.c.objc; path = DeleteFamilyInfo.m; sourceTree = "<group>"; };
		29DCA7561B9DE79600898D91 /* CleansmanDTO.h */ = {isa = PBXFileReference; fileEncoding = 4; lastKnownFileType = sourcecode.c.h; path = CleansmanDTO.h; sourceTree = "<group>"; };
		29DCA7571B9DE79600898D91 /* CleansmanDTO.m */ = {isa = PBXFileReference; fileEncoding = 4; lastKnownFileType = sourcecode.c.objc; path = CleansmanDTO.m; sourceTree = "<group>"; };
		29DCA7581B9DE79600898D91 /* FamileyNoteDTO.h */ = {isa = PBXFileReference; fileEncoding = 4; lastKnownFileType = sourcecode.c.h; path = FamileyNoteDTO.h; sourceTree = "<group>"; };
		29DCA7591B9DE79600898D91 /* FamileyNoteDTO.m */ = {isa = PBXFileReference; fileEncoding = 4; lastKnownFileType = sourcecode.c.objc; path = FamileyNoteDTO.m; sourceTree = "<group>"; };
		29DCA75A1B9DE79600898D91 /* FamilyInfoDTO.h */ = {isa = PBXFileReference; fileEncoding = 4; lastKnownFileType = sourcecode.c.h; path = FamilyInfoDTO.h; sourceTree = "<group>"; };
		29DCA75B1B9DE79600898D91 /* FamilyInfoDTO.m */ = {isa = PBXFileReference; fileEncoding = 4; lastKnownFileType = sourcecode.c.objc; path = FamilyInfoDTO.m; sourceTree = "<group>"; };
		29DCA75C1B9DE79600898D91 /* FemaleNoteDTO.h */ = {isa = PBXFileReference; fileEncoding = 4; lastKnownFileType = sourcecode.c.h; path = FemaleNoteDTO.h; sourceTree = "<group>"; };
		29DCA75D1B9DE79600898D91 /* FemaleNoteDTO.m */ = {isa = PBXFileReference; fileEncoding = 4; lastKnownFileType = sourcecode.c.objc; path = FemaleNoteDTO.m; sourceTree = "<group>"; };
		29DCA75E1B9DE79600898D91 /* PhoneNoteDTO.h */ = {isa = PBXFileReference; fileEncoding = 4; lastKnownFileType = sourcecode.c.h; path = PhoneNoteDTO.h; sourceTree = "<group>"; };
		29DCA75F1B9DE79600898D91 /* PhoneNoteDTO.m */ = {isa = PBXFileReference; fileEncoding = 4; lastKnownFileType = sourcecode.c.objc; path = PhoneNoteDTO.m; sourceTree = "<group>"; };
		29DCA7601B9DE79600898D91 /* GetClansman.h */ = {isa = PBXFileReference; fileEncoding = 4; lastKnownFileType = sourcecode.c.h; path = GetClansman.h; sourceTree = "<group>"; };
		29DCA7611B9DE79600898D91 /* GetClansman.m */ = {isa = PBXFileReference; fileEncoding = 4; lastKnownFileType = sourcecode.c.objc; path = GetClansman.m; sourceTree = "<group>"; };
		29DCA7621B9DE79600898D91 /* GetClansmanTree.h */ = {isa = PBXFileReference; fileEncoding = 4; lastKnownFileType = sourcecode.c.h; path = GetClansmanTree.h; sourceTree = "<group>"; };
		29DCA7631B9DE79600898D91 /* GetClansmanTree.m */ = {isa = PBXFileReference; fileEncoding = 4; lastKnownFileType = sourcecode.c.objc; path = GetClansmanTree.m; sourceTree = "<group>"; };
		29DCA7641B9DE79600898D91 /* GetCleansmanList.h */ = {isa = PBXFileReference; fileEncoding = 4; lastKnownFileType = sourcecode.c.h; path = GetCleansmanList.h; sourceTree = "<group>"; };
		29DCA7651B9DE79600898D91 /* GetCleansmanList.m */ = {isa = PBXFileReference; fileEncoding = 4; lastKnownFileType = sourcecode.c.objc; path = GetCleansmanList.m; sourceTree = "<group>"; };
		29DCA7661B9DE79600898D91 /* GetFamilyOtherClansman.h */ = {isa = PBXFileReference; fileEncoding = 4; lastKnownFileType = sourcecode.c.h; path = GetFamilyOtherClansman.h; sourceTree = "<group>"; };
		29DCA7671B9DE79600898D91 /* GetFamilyOtherClansman.m */ = {isa = PBXFileReference; fileEncoding = 4; lastKnownFileType = sourcecode.c.objc; path = GetFamilyOtherClansman.m; sourceTree = "<group>"; };
		29DCA7681B9DE79600898D91 /* GetPeople.h */ = {isa = PBXFileReference; fileEncoding = 4; lastKnownFileType = sourcecode.c.h; path = GetPeople.h; sourceTree = "<group>"; };
		29DCA7691B9DE79600898D91 /* GetPeople.m */ = {isa = PBXFileReference; fileEncoding = 4; lastKnownFileType = sourcecode.c.objc; path = GetPeople.m; sourceTree = "<group>"; };
		29DCA76A1B9DE79600898D91 /* RemovPeople.h */ = {isa = PBXFileReference; fileEncoding = 4; lastKnownFileType = sourcecode.c.h; path = RemovPeople.h; sourceTree = "<group>"; };
		29DCA76B1B9DE79600898D91 /* RemovPeople.m */ = {isa = PBXFileReference; fileEncoding = 4; lastKnownFileType = sourcecode.c.objc; path = RemovPeople.m; sourceTree = "<group>"; };
		29DCA76C1B9DE79600898D91 /* UpdateFamilyInfo.h */ = {isa = PBXFileReference; fileEncoding = 4; lastKnownFileType = sourcecode.c.h; path = UpdateFamilyInfo.h; sourceTree = "<group>"; };
		29DCA76D1B9DE79600898D91 /* UpdateFamilyInfo.m */ = {isa = PBXFileReference; fileEncoding = 4; lastKnownFileType = sourcecode.c.objc; path = UpdateFamilyInfo.m; sourceTree = "<group>"; };
		29DCA76E1B9DE79600898D91 /* UpdatePeopleInfo.h */ = {isa = PBXFileReference; fileEncoding = 4; lastKnownFileType = sourcecode.c.h; path = UpdatePeopleInfo.h; sourceTree = "<group>"; };
		29DCA76F1B9DE79600898D91 /* UpdatePeopleInfo.m */ = {isa = PBXFileReference; fileEncoding = 4; lastKnownFileType = sourcecode.c.objc; path = UpdatePeopleInfo.m; sourceTree = "<group>"; };
		29DCA7701B9DE79600898D91 /* UpdatePeopleLocal.h */ = {isa = PBXFileReference; fileEncoding = 4; lastKnownFileType = sourcecode.c.h; path = UpdatePeopleLocal.h; sourceTree = "<group>"; };
		29DCA7711B9DE79600898D91 /* UpdatePeopleLocal.m */ = {isa = PBXFileReference; fileEncoding = 4; lastKnownFileType = sourcecode.c.objc; path = UpdatePeopleLocal.m; sourceTree = "<group>"; };
		29DCA7761B9DE79600898D91 /* CommentDTO.h */ = {isa = PBXFileReference; fileEncoding = 4; lastKnownFileType = sourcecode.c.h; path = CommentDTO.h; sourceTree = "<group>"; };
		29DCA7771B9DE79600898D91 /* CommentDTO.m */ = {isa = PBXFileReference; fileEncoding = 4; lastKnownFileType = sourcecode.c.objc; path = CommentDTO.m; sourceTree = "<group>"; };
		29DCA7781B9DE79600898D91 /* GetActionComment.h */ = {isa = PBXFileReference; fileEncoding = 4; lastKnownFileType = sourcecode.c.h; path = GetActionComment.h; sourceTree = "<group>"; };
		29DCA7791B9DE79600898D91 /* GetActionComment.m */ = {isa = PBXFileReference; fileEncoding = 4; lastKnownFileType = sourcecode.c.objc; path = GetActionComment.m; sourceTree = "<group>"; };
		29DCA77A1B9DE79600898D91 /* GetFamilyAction.h */ = {isa = PBXFileReference; fileEncoding = 4; lastKnownFileType = sourcecode.c.h; path = GetFamilyAction.h; sourceTree = "<group>"; };
		29DCA77B1B9DE79600898D91 /* GetFamilyAction.m */ = {isa = PBXFileReference; fileEncoding = 4; lastKnownFileType = sourcecode.c.objc; path = GetFamilyAction.m; sourceTree = "<group>"; };
		29DCA77C1B9DE79600898D91 /* UpdatePraise.h */ = {isa = PBXFileReference; fileEncoding = 4; lastKnownFileType = sourcecode.c.h; path = UpdatePraise.h; sourceTree = "<group>"; };
		29DCA77D1B9DE79600898D91 /* UpdatePraise.m */ = {isa = PBXFileReference; fileEncoding = 4; lastKnownFileType = sourcecode.c.objc; path = UpdatePraise.m; sourceTree = "<group>"; };
		29DCA77E1B9DE79600898D91 /* UploadComment.h */ = {isa = PBXFileReference; fileEncoding = 4; lastKnownFileType = sourcecode.c.h; path = UploadComment.h; sourceTree = "<group>"; };
		29DCA77F1B9DE79600898D91 /* UploadComment.m */ = {isa = PBXFileReference; fileEncoding = 4; lastKnownFileType = sourcecode.c.objc; path = UploadComment.m; sourceTree = "<group>"; };
		29DCA7811B9DE79600898D91 /* AddFamilyNotice.h */ = {isa = PBXFileReference; fileEncoding = 4; lastKnownFileType = sourcecode.c.h; path = AddFamilyNotice.h; sourceTree = "<group>"; };
		29DCA7821B9DE79600898D91 /* AddFamilyNotice.m */ = {isa = PBXFileReference; fileEncoding = 4; lastKnownFileType = sourcecode.c.objc; path = AddFamilyNotice.m; sourceTree = "<group>"; };
		29DCA7831B9DE79600898D91 /* AttentionNotice.h */ = {isa = PBXFileReference; fileEncoding = 4; lastKnownFileType = sourcecode.c.h; path = AttentionNotice.h; sourceTree = "<group>"; };
		29DCA7841B9DE79600898D91 /* AttentionNotice.m */ = {isa = PBXFileReference; fileEncoding = 4; lastKnownFileType = sourcecode.c.objc; path = AttentionNotice.m; sourceTree = "<group>"; };
		29DCA7851B9DE79600898D91 /* CommentNotice.h */ = {isa = PBXFileReference; fileEncoding = 4; lastKnownFileType = sourcecode.c.h; path = CommentNotice.h; sourceTree = "<group>"; };
		29DCA7861B9DE79600898D91 /* CommentNotice.m */ = {isa = PBXFileReference; fileEncoding = 4; lastKnownFileType = sourcecode.c.objc; path = CommentNotice.m; sourceTree = "<group>"; };
		29DCA7881B9DE79600898D91 /* NoticeCommentDTO.h */ = {isa = PBXFileReference; fileEncoding = 4; lastKnownFileType = sourcecode.c.h; path = NoticeCommentDTO.h; sourceTree = "<group>"; };
		29DCA7891B9DE79600898D91 /* NoticeCommentDTO.m */ = {isa = PBXFileReference; fileEncoding = 4; lastKnownFileType = sourcecode.c.objc; path = NoticeCommentDTO.m; sourceTree = "<group>"; };
		29DCA78A1B9DE79600898D91 /* NoticeDTO.h */ = {isa = PBXFileReference; fileEncoding = 4; lastKnownFileType = sourcecode.c.h; path = NoticeDTO.h; sourceTree = "<group>"; };
		29DCA78B1B9DE79600898D91 /* NoticeDTO.m */ = {isa = PBXFileReference; fileEncoding = 4; lastKnownFileType = sourcecode.c.objc; path = NoticeDTO.m; sourceTree = "<group>"; };
		29DCA78C1B9DE79600898D91 /* NoticeInfoDTO.h */ = {isa = PBXFileReference; fileEncoding = 4; lastKnownFileType = sourcecode.c.h; path = NoticeInfoDTO.h; sourceTree = "<group>"; };
		29DCA78D1B9DE79600898D91 /* NoticeInfoDTO.m */ = {isa = PBXFileReference; fileEncoding = 4; lastKnownFileType = sourcecode.c.objc; path = NoticeInfoDTO.m; sourceTree = "<group>"; };
		29DCA78E1B9DE79600898D91 /* GetFamilyNotice.h */ = {isa = PBXFileReference; fileEncoding = 4; lastKnownFileType = sourcecode.c.h; path = GetFamilyNotice.h; sourceTree = "<group>"; };
		29DCA78F1B9DE79600898D91 /* GetFamilyNotice.m */ = {isa = PBXFileReference; fileEncoding = 4; lastKnownFileType = sourcecode.c.objc; path = GetFamilyNotice.m; sourceTree = "<group>"; };
		29DCA7901B9DE79600898D91 /* GetFamilyNoticeInfo.h */ = {isa = PBXFileReference; fileEncoding = 4; lastKnownFileType = sourcecode.c.h; path = GetFamilyNoticeInfo.h; sourceTree = "<group>"; };
		29DCA7911B9DE79600898D91 /* GetFamilyNoticeInfo.m */ = {isa = PBXFileReference; fileEncoding = 4; lastKnownFileType = sourcecode.c.objc; path = GetFamilyNoticeInfo.m; sourceTree = "<group>"; };
		29DCA7921B9DE79600898D91 /* UpdateFamilyNotice.h */ = {isa = PBXFileReference; fileEncoding = 4; lastKnownFileType = sourcecode.c.h; path = UpdateFamilyNotice.h; sourceTree = "<group>"; };
		29DCA7931B9DE79600898D91 /* UpdateFamilyNotice.m */ = {isa = PBXFileReference; fileEncoding = 4; lastKnownFileType = sourcecode.c.objc; path = UpdateFamilyNotice.m; sourceTree = "<group>"; };
		29DCA7951B9DE79600898D91 /* AddAction.h */ = {isa = PBXFileReference; fileEncoding = 4; lastKnownFileType = sourcecode.c.h; path = AddAction.h; sourceTree = "<group>"; };
		29DCA7961B9DE79600898D91 /* AddAction.m */ = {isa = PBXFileReference; fileEncoding = 4; lastKnownFileType = sourcecode.c.objc; path = AddAction.m; sourceTree = "<group>"; };
		29DCA7971B9DE79600898D91 /* DeleteAction.h */ = {isa = PBXFileReference; fileEncoding = 4; lastKnownFileType = sourcecode.c.h; path = DeleteAction.h; sourceTree = "<group>"; };
		29DCA7981B9DE79600898D91 /* DeleteAction.m */ = {isa = PBXFileReference; fileEncoding = 4; lastKnownFileType = sourcecode.c.objc; path = DeleteAction.m; sourceTree = "<group>"; };
		29DCA79C1B9DE79600898D91 /* SettingInfoDTO.h */ = {isa = PBXFileReference; fileEncoding = 4; lastKnownFileType = sourcecode.c.h; path = SettingInfoDTO.h; sourceTree = "<group>"; };
		29DCA79D1B9DE79600898D91 /* SettingInfoDTO.m */ = {isa = PBXFileReference; fileEncoding = 4; lastKnownFileType = sourcecode.c.objc; path = SettingInfoDTO.m; sourceTree = "<group>"; };
		29DCA79E1B9DE79600898D91 /* GetSetting.h */ = {isa = PBXFileReference; fileEncoding = 4; lastKnownFileType = sourcecode.c.h; path = GetSetting.h; sourceTree = "<group>"; };
		29DCA79F1B9DE79600898D91 /* GetSetting.m */ = {isa = PBXFileReference; fileEncoding = 4; lastKnownFileType = sourcecode.c.objc; path = GetSetting.m; sourceTree = "<group>"; };
		29DCA7A01B9DE79600898D91 /* UpdateAction.h */ = {isa = PBXFileReference; fileEncoding = 4; lastKnownFileType = sourcecode.c.h; path = UpdateAction.h; sourceTree = "<group>"; };
		29DCA7A11B9DE79600898D91 /* UpdateAction.m */ = {isa = PBXFileReference; fileEncoding = 4; lastKnownFileType = sourcecode.c.objc; path = UpdateAction.m; sourceTree = "<group>"; };
		29DCA7A21B9DE79600898D91 /* UpdatePhone.h */ = {isa = PBXFileReference; fileEncoding = 4; lastKnownFileType = sourcecode.c.h; path = UpdatePhone.h; sourceTree = "<group>"; };
		29DCA7A31B9DE79600898D91 /* UpdatePhone.m */ = {isa = PBXFileReference; fileEncoding = 4; lastKnownFileType = sourcecode.c.objc; path = UpdatePhone.m; sourceTree = "<group>"; };
		29DCA7A41B9DE79600898D91 /* UpdateQuestion.h */ = {isa = PBXFileReference; fileEncoding = 4; lastKnownFileType = sourcecode.c.h; path = UpdateQuestion.h; sourceTree = "<group>"; };
		29DCA7A51B9DE79600898D91 /* UpdateQuestion.m */ = {isa = PBXFileReference; fileEncoding = 4; lastKnownFileType = sourcecode.c.objc; path = UpdateQuestion.m; sourceTree = "<group>"; };
		29DCA7A61B9DE79600898D91 /* UpdateSetting.h */ = {isa = PBXFileReference; fileEncoding = 4; lastKnownFileType = sourcecode.c.h; path = UpdateSetting.h; sourceTree = "<group>"; };
		29DCA7A71B9DE79600898D91 /* UpdateSetting.m */ = {isa = PBXFileReference; fileEncoding = 4; lastKnownFileType = sourcecode.c.objc; path = UpdateSetting.m; sourceTree = "<group>"; };
		29DCA7AA1B9DE79600898D91 /* AddressInfoDTO.h */ = {isa = PBXFileReference; fileEncoding = 4; lastKnownFileType = sourcecode.c.h; path = AddressInfoDTO.h; sourceTree = "<group>"; };
		29DCA7AB1B9DE79600898D91 /* AddressInfoDTO.m */ = {isa = PBXFileReference; fileEncoding = 4; lastKnownFileType = sourcecode.c.objc; path = AddressInfoDTO.m; sourceTree = "<group>"; };
		29DCA7AC1B9DE79600898D91 /* UserInfoDTO.h */ = {isa = PBXFileReference; fileEncoding = 4; lastKnownFileType = sourcecode.c.h; path = UserInfoDTO.h; sourceTree = "<group>"; };
		29DCA7AD1B9DE79600898D91 /* UserInfoDTO.m */ = {isa = PBXFileReference; fileEncoding = 4; lastKnownFileType = sourcecode.c.objc; path = UserInfoDTO.m; sourceTree = "<group>"; };
		29DCA7B21B9DE79600898D91 /* Login.h */ = {isa = PBXFileReference; fileEncoding = 4; lastKnownFileType = sourcecode.c.h; path = Login.h; sourceTree = "<group>"; };
		29DCA7B31B9DE79600898D91 /* Login.m */ = {isa = PBXFileReference; fileEncoding = 4; lastKnownFileType = sourcecode.c.objc; path = Login.m; sourceTree = "<group>"; };
		29DCA7B41B9DE79600898D91 /* Logout.h */ = {isa = PBXFileReference; fileEncoding = 4; lastKnownFileType = sourcecode.c.h; path = Logout.h; sourceTree = "<group>"; };
		29DCA7B51B9DE79600898D91 /* Logout.m */ = {isa = PBXFileReference; fileEncoding = 4; lastKnownFileType = sourcecode.c.objc; path = Logout.m; sourceTree = "<group>"; };
		29DCA7B61B9DE79600898D91 /* Regist.h */ = {isa = PBXFileReference; fileEncoding = 4; lastKnownFileType = sourcecode.c.h; path = Regist.h; sourceTree = "<group>"; };
		29DCA7B71B9DE79600898D91 /* Regist.m */ = {isa = PBXFileReference; fileEncoding = 4; lastKnownFileType = sourcecode.c.objc; path = Regist.m; sourceTree = "<group>"; };
		29DCA7E71B9DE7F000898D91 /* GetAppVersion.h */ = {isa = PBXFileReference; fileEncoding = 4; lastKnownFileType = sourcecode.c.h; path = GetAppVersion.h; sourceTree = "<group>"; };
		29DCA7E81B9DE7F000898D91 /* GetAppVersion.m */ = {isa = PBXFileReference; fileEncoding = 4; lastKnownFileType = sourcecode.c.objc; path = GetAppVersion.m; sourceTree = "<group>"; };
		29DCA7E91B9DE7F000898D91 /* GetValidCode.h */ = {isa = PBXFileReference; fileEncoding = 4; lastKnownFileType = sourcecode.c.h; path = GetValidCode.h; sourceTree = "<group>"; };
		29DCA7EA1B9DE7F000898D91 /* GetValidCode.m */ = {isa = PBXFileReference; fileEncoding = 4; lastKnownFileType = sourcecode.c.objc; path = GetValidCode.m; sourceTree = "<group>"; };
		29EC19371B9087F3002204D9 /* BaseModel.h */ = {isa = PBXFileReference; fileEncoding = 4; lastKnownFileType = sourcecode.c.h; name = BaseModel.h; path = FrameWork/Model/BaseModel.h; sourceTree = "<group>"; };
		29EC19381B9087F3002204D9 /* BaseModel.m */ = {isa = PBXFileReference; fileEncoding = 4; lastKnownFileType = sourcecode.c.objc; name = BaseModel.m; path = FrameWork/Model/BaseModel.m; sourceTree = "<group>"; };
		29EC19781B9095ED002204D9 /* AFHTTPRequestOperation.h */ = {isa = PBXFileReference; fileEncoding = 4; lastKnownFileType = sourcecode.c.h; path = AFHTTPRequestOperation.h; sourceTree = "<group>"; };
		29EC19791B9095ED002204D9 /* AFHTTPRequestOperation.m */ = {isa = PBXFileReference; fileEncoding = 4; lastKnownFileType = sourcecode.c.objc; path = AFHTTPRequestOperation.m; sourceTree = "<group>"; };
		29EC197A1B9095ED002204D9 /* AFHTTPRequestOperationManager.h */ = {isa = PBXFileReference; fileEncoding = 4; lastKnownFileType = sourcecode.c.h; path = AFHTTPRequestOperationManager.h; sourceTree = "<group>"; };
		29EC197B1B9095ED002204D9 /* AFHTTPRequestOperationManager.m */ = {isa = PBXFileReference; fileEncoding = 4; lastKnownFileType = sourcecode.c.objc; path = AFHTTPRequestOperationManager.m; sourceTree = "<group>"; };
		29EC197C1B9095ED002204D9 /* AFHTTPSessionManager.h */ = {isa = PBXFileReference; fileEncoding = 4; lastKnownFileType = sourcecode.c.h; path = AFHTTPSessionManager.h; sourceTree = "<group>"; };
		29EC197D1B9095ED002204D9 /* AFHTTPSessionManager.m */ = {isa = PBXFileReference; fileEncoding = 4; lastKnownFileType = sourcecode.c.objc; path = AFHTTPSessionManager.m; sourceTree = "<group>"; };
		29EC197E1B9095ED002204D9 /* AFNetworking.h */ = {isa = PBXFileReference; fileEncoding = 4; lastKnownFileType = sourcecode.c.h; path = AFNetworking.h; sourceTree = "<group>"; };
		29EC197F1B9095ED002204D9 /* AFNetworkReachabilityManager.h */ = {isa = PBXFileReference; fileEncoding = 4; lastKnownFileType = sourcecode.c.h; path = AFNetworkReachabilityManager.h; sourceTree = "<group>"; };
		29EC19801B9095ED002204D9 /* AFNetworkReachabilityManager.m */ = {isa = PBXFileReference; fileEncoding = 4; lastKnownFileType = sourcecode.c.objc; path = AFNetworkReachabilityManager.m; sourceTree = "<group>"; };
		29EC19811B9095ED002204D9 /* AFSecurityPolicy.h */ = {isa = PBXFileReference; fileEncoding = 4; lastKnownFileType = sourcecode.c.h; path = AFSecurityPolicy.h; sourceTree = "<group>"; };
		29EC19821B9095ED002204D9 /* AFSecurityPolicy.m */ = {isa = PBXFileReference; fileEncoding = 4; lastKnownFileType = sourcecode.c.objc; path = AFSecurityPolicy.m; sourceTree = "<group>"; };
		29EC19831B9095ED002204D9 /* AFURLConnectionOperation.h */ = {isa = PBXFileReference; fileEncoding = 4; lastKnownFileType = sourcecode.c.h; path = AFURLConnectionOperation.h; sourceTree = "<group>"; };
		29EC19841B9095ED002204D9 /* AFURLConnectionOperation.m */ = {isa = PBXFileReference; fileEncoding = 4; lastKnownFileType = sourcecode.c.objc; path = AFURLConnectionOperation.m; sourceTree = "<group>"; };
		29EC19851B9095ED002204D9 /* AFURLRequestSerialization.h */ = {isa = PBXFileReference; fileEncoding = 4; lastKnownFileType = sourcecode.c.h; path = AFURLRequestSerialization.h; sourceTree = "<group>"; };
		29EC19861B9095ED002204D9 /* AFURLRequestSerialization.m */ = {isa = PBXFileReference; fileEncoding = 4; lastKnownFileType = sourcecode.c.objc; path = AFURLRequestSerialization.m; sourceTree = "<group>"; };
		29EC19871B9095ED002204D9 /* AFURLResponseSerialization.h */ = {isa = PBXFileReference; fileEncoding = 4; lastKnownFileType = sourcecode.c.h; path = AFURLResponseSerialization.h; sourceTree = "<group>"; };
		29EC19881B9095ED002204D9 /* AFURLResponseSerialization.m */ = {isa = PBXFileReference; fileEncoding = 4; lastKnownFileType = sourcecode.c.objc; path = AFURLResponseSerialization.m; sourceTree = "<group>"; };
		29EC19891B9095ED002204D9 /* AFURLSessionManager.h */ = {isa = PBXFileReference; fileEncoding = 4; lastKnownFileType = sourcecode.c.h; path = AFURLSessionManager.h; sourceTree = "<group>"; };
		29EC198A1B9095ED002204D9 /* AFURLSessionManager.m */ = {isa = PBXFileReference; fileEncoding = 4; lastKnownFileType = sourcecode.c.objc; path = AFURLSessionManager.m; sourceTree = "<group>"; };
		29EC198C1B9095ED002204D9 /* AFNetworkActivityIndicatorManager.h */ = {isa = PBXFileReference; fileEncoding = 4; lastKnownFileType = sourcecode.c.h; path = AFNetworkActivityIndicatorManager.h; sourceTree = "<group>"; };
		29EC198D1B9095ED002204D9 /* AFNetworkActivityIndicatorManager.m */ = {isa = PBXFileReference; fileEncoding = 4; lastKnownFileType = sourcecode.c.objc; path = AFNetworkActivityIndicatorManager.m; sourceTree = "<group>"; };
		29EC198E1B9095ED002204D9 /* UIActivityIndicatorView+AFNetworking.h */ = {isa = PBXFileReference; fileEncoding = 4; lastKnownFileType = sourcecode.c.h; path = "UIActivityIndicatorView+AFNetworking.h"; sourceTree = "<group>"; };
		29EC198F1B9095ED002204D9 /* UIActivityIndicatorView+AFNetworking.m */ = {isa = PBXFileReference; fileEncoding = 4; lastKnownFileType = sourcecode.c.objc; path = "UIActivityIndicatorView+AFNetworking.m"; sourceTree = "<group>"; };
		29EC19901B9095ED002204D9 /* UIAlertView+AFNetworking.h */ = {isa = PBXFileReference; fileEncoding = 4; lastKnownFileType = sourcecode.c.h; path = "UIAlertView+AFNetworking.h"; sourceTree = "<group>"; };
		29EC19911B9095ED002204D9 /* UIAlertView+AFNetworking.m */ = {isa = PBXFileReference; fileEncoding = 4; lastKnownFileType = sourcecode.c.objc; path = "UIAlertView+AFNetworking.m"; sourceTree = "<group>"; };
		29EC19921B9095ED002204D9 /* UIButton+AFNetworking.h */ = {isa = PBXFileReference; fileEncoding = 4; lastKnownFileType = sourcecode.c.h; path = "UIButton+AFNetworking.h"; sourceTree = "<group>"; };
		29EC19931B9095ED002204D9 /* UIButton+AFNetworking.m */ = {isa = PBXFileReference; fileEncoding = 4; lastKnownFileType = sourcecode.c.objc; path = "UIButton+AFNetworking.m"; sourceTree = "<group>"; };
		29EC19941B9095ED002204D9 /* UIImageView+AFNetworking.h */ = {isa = PBXFileReference; fileEncoding = 4; lastKnownFileType = sourcecode.c.h; path = "UIImageView+AFNetworking.h"; sourceTree = "<group>"; };
		29EC19951B9095ED002204D9 /* UIImageView+AFNetworking.m */ = {isa = PBXFileReference; fileEncoding = 4; lastKnownFileType = sourcecode.c.objc; path = "UIImageView+AFNetworking.m"; sourceTree = "<group>"; };
		29EC19961B9095ED002204D9 /* UIKit+AFNetworking.h */ = {isa = PBXFileReference; fileEncoding = 4; lastKnownFileType = sourcecode.c.h; path = "UIKit+AFNetworking.h"; sourceTree = "<group>"; };
		29EC19971B9095ED002204D9 /* UIProgressView+AFNetworking.h */ = {isa = PBXFileReference; fileEncoding = 4; lastKnownFileType = sourcecode.c.h; path = "UIProgressView+AFNetworking.h"; sourceTree = "<group>"; };
		29EC19981B9095ED002204D9 /* UIProgressView+AFNetworking.m */ = {isa = PBXFileReference; fileEncoding = 4; lastKnownFileType = sourcecode.c.objc; path = "UIProgressView+AFNetworking.m"; sourceTree = "<group>"; };
		29EC19991B9095ED002204D9 /* UIRefreshControl+AFNetworking.h */ = {isa = PBXFileReference; fileEncoding = 4; lastKnownFileType = sourcecode.c.h; path = "UIRefreshControl+AFNetworking.h"; sourceTree = "<group>"; };
		29EC199A1B9095ED002204D9 /* UIRefreshControl+AFNetworking.m */ = {isa = PBXFileReference; fileEncoding = 4; lastKnownFileType = sourcecode.c.objc; path = "UIRefreshControl+AFNetworking.m"; sourceTree = "<group>"; };
		29EC199B1B9095ED002204D9 /* UIWebView+AFNetworking.h */ = {isa = PBXFileReference; fileEncoding = 4; lastKnownFileType = sourcecode.c.h; path = "UIWebView+AFNetworking.h"; sourceTree = "<group>"; };
		29EC199C1B9095ED002204D9 /* UIWebView+AFNetworking.m */ = {isa = PBXFileReference; fileEncoding = 4; lastKnownFileType = sourcecode.c.objc; path = "UIWebView+AFNetworking.m"; sourceTree = "<group>"; };
		29EC19C21B91A674002204D9 /* ModelProtocol.h */ = {isa = PBXFileReference; lastKnownFileType = sourcecode.c.h; name = ModelProtocol.h; path = Protocal/ModelProtocol.h; sourceTree = "<group>"; };
		29EC19C31B91AB79002204D9 /* ServiceBaseModel.h */ = {isa = PBXFileReference; fileEncoding = 4; lastKnownFileType = sourcecode.c.h; name = ServiceBaseModel.h; path = FrameWork/Model/ServiceBaseModel.h; sourceTree = "<group>"; };
		29EC19C41B91AB79002204D9 /* ServiceBaseModel.m */ = {isa = PBXFileReference; fileEncoding = 4; lastKnownFileType = sourcecode.c.objc; name = ServiceBaseModel.m; path = FrameWork/Model/ServiceBaseModel.m; sourceTree = "<group>"; };
		29EC19C71B91B2C3002204D9 /* BaseViewController.h */ = {isa = PBXFileReference; fileEncoding = 4; lastKnownFileType = sourcecode.c.h; name = BaseViewController.h; path = FrameWork/ViewController/BaseViewController.h; sourceTree = "<group>"; };
		29EC19C81B91B2C3002204D9 /* BaseViewController.m */ = {isa = PBXFileReference; fileEncoding = 4; lastKnownFileType = sourcecode.c.objc; name = BaseViewController.m; path = FrameWork/ViewController/BaseViewController.m; sourceTree = "<group>"; };
/* End PBXFileReference section */

/* Begin PBXFrameworksBuildPhase section */
		292814481B8E029A008AEC55 /* Frameworks */ = {
			isa = PBXFrameworksBuildPhase;
			buildActionMask = 2147483647;
			files = (
			);
			runOnlyForDeploymentPostprocessing = 0;
		};
		292814641B8E029A008AEC55 /* Frameworks */ = {
			isa = PBXFrameworksBuildPhase;
			buildActionMask = 2147483647;
			files = (
			);
			runOnlyForDeploymentPostprocessing = 0;
		};
/* End PBXFrameworksBuildPhase section */

/* Begin PBXGroup section */
		291843951B9D3E2B00720334 /* Controller */ = {
			isa = PBXGroup;
			children = (
				291843971B9D403A00720334 /* VersionController.h */,
				291843981B9D403A00720334 /* VersionController.m */,
			);
			name = Controller;
			sourceTree = "<group>";
		};
		291FDD9B1B9D781700536E7B /* UtilityView */ = {
			isa = PBXGroup;
			children = (
			);
			name = UtilityView;
			sourceTree = "<group>";
		};
		292814421B8E029A008AEC55 = {
			isa = PBXGroup;
			children = (
				2928144D1B8E029A008AEC55 /* Genealogy */,
				2928146A1B8E029A008AEC55 /* GenealogyTests */,
				2928144C1B8E029A008AEC55 /* Products */,
			);
			sourceTree = "<group>";
		};
		2928144C1B8E029A008AEC55 /* Products */ = {
			isa = PBXGroup;
			children = (
				2928144B1B8E029A008AEC55 /* Genealogy.app */,
				292814671B8E029A008AEC55 /* GenealogyTests.xctest */,
			);
			name = Products;
			sourceTree = "<group>";
		};
		2928144D1B8E029A008AEC55 /* Genealogy */ = {
			isa = PBXGroup;
			children = (
				291843951B9D3E2B00720334 /* Controller */,
				29A1BC5E1B904DD0001AE4B5 /* Model */,
				29A1BC571B904399001AE4B5 /* Layout */,
				2928149D1B8EAA22008AEC55 /* FrameWork */,
				292814521B8E029A008AEC55 /* AppDelegate.h */,
				292814531B8E029A008AEC55 /* AppDelegate.m */,
				2928145E1B8E029A008AEC55 /* Images.xcassets */,
				292814601B8E029A008AEC55 /* LaunchScreen.xib */,
				2928144E1B8E029A008AEC55 /* Supporting Files */,
				29A1BC541B9040AB001AE4B5 /* MainViewController.h */,
				29A1BC551B9040AB001AE4B5 /* MainViewController.m */,
				296FE8471B9347F00029CD2F /* Genealogy-Bridging-Header.h */,
			);
			path = Genealogy;
			sourceTree = "<group>";
		};
		2928144E1B8E029A008AEC55 /* Supporting Files */ = {
			isa = PBXGroup;
			children = (
				2928144F1B8E029A008AEC55 /* Info.plist */,
				292814501B8E029A008AEC55 /* main.m */,
				297F870D1B8EE1C40056A89A /* configure.plist */,
			);
			name = "Supporting Files";
			sourceTree = "<group>";
		};
		2928146A1B8E029A008AEC55 /* GenealogyTests */ = {
			isa = PBXGroup;
			children = (
				2928146D1B8E029A008AEC55 /* GenealogyTests.m */,
				2928146B1B8E029A008AEC55 /* Supporting Files */,
			);
			path = GenealogyTests;
			sourceTree = "<group>";
		};
		2928146B1B8E029A008AEC55 /* Supporting Files */ = {
			isa = PBXGroup;
			children = (
				2928146C1B8E029A008AEC55 /* Info.plist */,
			);
			name = "Supporting Files";
			sourceTree = "<group>";
		};
		2928149D1B8EAA22008AEC55 /* FrameWork */ = {
			isa = PBXGroup;
			children = (
				291FDD9B1B9D781700536E7B /* UtilityView */,
				29EC19C61B91B28B002204D9 /* ViewController */,
				29EC193A1B9094DF002204D9 /* OpenSource */,
				29EC19361B9087BB002204D9 /* Model */,
				297F87261B8F468C0056A89A /* Protocal */,
				297F87101B8F276F0056A89A /* UtilityViewController */,
				297F870A1B8ED33A0056A89A /* MXHFrameWork.h */,
				297F870B1B8ED34E0056A89A /* MXHFrameWork.m */,
			);
			name = FrameWork;
			sourceTree = "<group>";
		};
		296FE84E1B934AF00029CD2F /* Guid */ = {
			isa = PBXGroup;
			children = (
				296FE8511B934D900029CD2F /* GuidViewController.h */,
				296FE8521B934D900029CD2F /* GuidViewController.m */,
			);
			name = Guid;
			sourceTree = "<group>";
		};
		297F870F1B8F27550056A89A /* GuidViewController */ = {
			isa = PBXGroup;
			children = (
				296FE84A1B934A9F0029CD2F /* ParallaxItem.swift */,
				296FE84C1B934ACB0029CD2F /* RMParallax.swift */,
			);
			name = GuidViewController;
			sourceTree = "<group>";
		};
		297F87101B8F276F0056A89A /* UtilityViewController */ = {
			isa = PBXGroup;
			children = (
				297F870F1B8F27550056A89A /* GuidViewController */,
			);
			name = UtilityViewController;
			sourceTree = "<group>";
		};
		297F87261B8F468C0056A89A /* Protocal */ = {
			isa = PBXGroup;
			children = (
				297F87271B8F46DE0056A89A /* Constant.h */,
				29EC19C21B91A674002204D9 /* ModelProtocol.h */,
				2918438D1B9D2E1800720334 /* CheckVersionProtocol.h */,
			);
			name = Protocal;
			sourceTree = "<group>";
		};
		29A1BC571B904399001AE4B5 /* Layout */ = {
			isa = PBXGroup;
			children = (
				296FE84E1B934AF00029CD2F /* Guid */,
				29A1BC581B9043B8001AE4B5 /* Login */,
			);
			name = Layout;
			sourceTree = "<group>";
		};
		29A1BC581B9043B8001AE4B5 /* Login */ = {
			isa = PBXGroup;
			children = (
				29A1BC591B904421001AE4B5 /* LoginViewController.h */,
				29A1BC5A1B904421001AE4B5 /* LoginViewController.m */,
				29A1BC5B1B904421001AE4B5 /* LoginViewController.xib */,
			);
			name = Login;
			sourceTree = "<group>";
		};
		29A1BC5E1B904DD0001AE4B5 /* Model */ = {
			isa = PBXGroup;
			children = (
				29DCA7501B9DE79600898D91 /* A01 */,
				29DCA7721B9DE79600898D91 /* A02 */,
				29DCA7801B9DE79600898D91 /* A03 */,
				29DCA7941B9DE79600898D91 /* A04 */,
				29DCA7A81B9DE79600898D91 /* COM */,
			);
			name = Model;
			sourceTree = "<group>";
		};
		29DCA7501B9DE79600898D91 /* A01 */ = {
			isa = PBXGroup;
			children = (
				29DCA7511B9DE79600898D91 /* AddFamilyInfo.h */,
				29DCA7521B9DE79600898D91 /* AddFamilyInfo.m */,
				29DCA7531B9DE79600898D91 /* DeleteFamilyInfo.h */,
				29DCA7541B9DE79600898D91 /* DeleteFamilyInfo.m */,
				29DCA7551B9DE79600898D91 /* DTO */,
				29DCA7601B9DE79600898D91 /* GetClansman.h */,
				29DCA7611B9DE79600898D91 /* GetClansman.m */,
				29DCA7621B9DE79600898D91 /* GetClansmanTree.h */,
				29DCA7631B9DE79600898D91 /* GetClansmanTree.m */,
				29DCA7641B9DE79600898D91 /* GetCleansmanList.h */,
				29DCA7651B9DE79600898D91 /* GetCleansmanList.m */,
				29DCA7661B9DE79600898D91 /* GetFamilyOtherClansman.h */,
				29DCA7671B9DE79600898D91 /* GetFamilyOtherClansman.m */,
				29DCA7681B9DE79600898D91 /* GetPeople.h */,
				29DCA7691B9DE79600898D91 /* GetPeople.m */,
				29DCA76A1B9DE79600898D91 /* RemovPeople.h */,
				29DCA76B1B9DE79600898D91 /* RemovPeople.m */,
				29DCA76C1B9DE79600898D91 /* UpdateFamilyInfo.h */,
				29DCA76D1B9DE79600898D91 /* UpdateFamilyInfo.m */,
				29DCA76E1B9DE79600898D91 /* UpdatePeopleInfo.h */,
				29DCA76F1B9DE79600898D91 /* UpdatePeopleInfo.m */,
				29DCA7701B9DE79600898D91 /* UpdatePeopleLocal.h */,
				29DCA7711B9DE79600898D91 /* UpdatePeopleLocal.m */,
			);
			name = A01;
			path = Model/A01;
			sourceTree = "<group>";
		};
		29DCA7551B9DE79600898D91 /* DTO */ = {
			isa = PBXGroup;
			children = (
				29DCA7561B9DE79600898D91 /* CleansmanDTO.h */,
				29DCA7571B9DE79600898D91 /* CleansmanDTO.m */,
				29DCA7581B9DE79600898D91 /* FamileyNoteDTO.h */,
				29DCA7591B9DE79600898D91 /* FamileyNoteDTO.m */,
				29DCA75A1B9DE79600898D91 /* FamilyInfoDTO.h */,
				29DCA75B1B9DE79600898D91 /* FamilyInfoDTO.m */,
				29DCA75C1B9DE79600898D91 /* FemaleNoteDTO.h */,
				29DCA75D1B9DE79600898D91 /* FemaleNoteDTO.m */,
				29DCA75E1B9DE79600898D91 /* PhoneNoteDTO.h */,
				29DCA75F1B9DE79600898D91 /* PhoneNoteDTO.m */,
			);
			path = DTO;
			sourceTree = "<group>";
		};
		29DCA7721B9DE79600898D91 /* A02 */ = {
			isa = PBXGroup;
			children = (
				29DCA7731B9DE79600898D91 /* DTO */,
				29DCA7781B9DE79600898D91 /* GetActionComment.h */,
				29DCA7791B9DE79600898D91 /* GetActionComment.m */,
				29DCA77A1B9DE79600898D91 /* GetFamilyAction.h */,
				29DCA77B1B9DE79600898D91 /* GetFamilyAction.m */,
				29DCA77C1B9DE79600898D91 /* UpdatePraise.h */,
				29DCA77D1B9DE79600898D91 /* UpdatePraise.m */,
				29DCA77E1B9DE79600898D91 /* UploadComment.h */,
				29DCA77F1B9DE79600898D91 /* UploadComment.m */,
			);
			name = A02;
			path = Model/A02;
			sourceTree = "<group>";
		};
		29DCA7731B9DE79600898D91 /* DTO */ = {
			isa = PBXGroup;
			children = (
				296803441BA15524002600B6 /* ViewActionDTO.h */,
				296803451BA15524002600B6 /* ViewActionDTO.m */,
				29DCA7761B9DE79600898D91 /* CommentDTO.h */,
				29DCA7771B9DE79600898D91 /* CommentDTO.m */,
			);
			path = DTO;
			sourceTree = "<group>";
		};
		29DCA7801B9DE79600898D91 /* A03 */ = {
			isa = PBXGroup;
			children = (
				29DCA7811B9DE79600898D91 /* AddFamilyNotice.h */,
				29DCA7821B9DE79600898D91 /* AddFamilyNotice.m */,
				29DCA7831B9DE79600898D91 /* AttentionNotice.h */,
				29DCA7841B9DE79600898D91 /* AttentionNotice.m */,
				29DCA7851B9DE79600898D91 /* CommentNotice.h */,
				29DCA7861B9DE79600898D91 /* CommentNotice.m */,
				29DCA7871B9DE79600898D91 /* DTO */,
				29DCA78E1B9DE79600898D91 /* GetFamilyNotice.h */,
				29DCA78F1B9DE79600898D91 /* GetFamilyNotice.m */,
				29DCA7901B9DE79600898D91 /* GetFamilyNoticeInfo.h */,
				29DCA7911B9DE79600898D91 /* GetFamilyNoticeInfo.m */,
				29DCA7921B9DE79600898D91 /* UpdateFamilyNotice.h */,
				29DCA7931B9DE79600898D91 /* UpdateFamilyNotice.m */,
			);
			name = A03;
			path = Model/A03;
			sourceTree = "<group>";
		};
		29DCA7871B9DE79600898D91 /* DTO */ = {
			isa = PBXGroup;
			children = (
				29DCA7881B9DE79600898D91 /* NoticeCommentDTO.h */,
				29DCA7891B9DE79600898D91 /* NoticeCommentDTO.m */,
				29DCA78A1B9DE79600898D91 /* NoticeDTO.h */,
				29DCA78B1B9DE79600898D91 /* NoticeDTO.m */,
				29DCA78C1B9DE79600898D91 /* NoticeInfoDTO.h */,
				29DCA78D1B9DE79600898D91 /* NoticeInfoDTO.m */,
			);
			path = DTO;
			sourceTree = "<group>";
		};
		29DCA7941B9DE79600898D91 /* A04 */ = {
			isa = PBXGroup;
			children = (
				29DCA7951B9DE79600898D91 /* AddAction.h */,
				29DCA7961B9DE79600898D91 /* AddAction.m */,
				29DCA7971B9DE79600898D91 /* DeleteAction.h */,
				29DCA7981B9DE79600898D91 /* DeleteAction.m */,
				29DCA7991B9DE79600898D91 /* DTO */,
				29DCA79E1B9DE79600898D91 /* GetSetting.h */,
				29DCA79F1B9DE79600898D91 /* GetSetting.m */,
				29DCA7A01B9DE79600898D91 /* UpdateAction.h */,
				29DCA7A11B9DE79600898D91 /* UpdateAction.m */,
				29DCA7A21B9DE79600898D91 /* UpdatePhone.h */,
				29DCA7A31B9DE79600898D91 /* UpdatePhone.m */,
				29DCA7A41B9DE79600898D91 /* UpdateQuestion.h */,
				29DCA7A51B9DE79600898D91 /* UpdateQuestion.m */,
				29DCA7A61B9DE79600898D91 /* UpdateSetting.h */,
				29DCA7A71B9DE79600898D91 /* UpdateSetting.m */,
			);
			name = A04;
			path = Model/A04;
			sourceTree = "<group>";
		};
		29DCA7991B9DE79600898D91 /* DTO */ = {
			isa = PBXGroup;
			children = (
				296803471BA15538002600B6 /* ActionDTO.h */,
				296803481BA15538002600B6 /* ActionDTO.m */,
				29DCA79C1B9DE79600898D91 /* SettingInfoDTO.h */,
				29DCA79D1B9DE79600898D91 /* SettingInfoDTO.m */,
			);
			path = DTO;
			sourceTree = "<group>";
		};
		29DCA7A81B9DE79600898D91 /* COM */ = {
			isa = PBXGroup;
			children = (
				29DCA7A91B9DE79600898D91 /* DTO */,
				29DCA7E71B9DE7F000898D91 /* GetAppVersion.h */,
				29DCA7E81B9DE7F000898D91 /* GetAppVersion.m */,
				29DCA7E91B9DE7F000898D91 /* GetValidCode.h */,
				29DCA7EA1B9DE7F000898D91 /* GetValidCode.m */,
				29DCA7B21B9DE79600898D91 /* Login.h */,
				29DCA7B31B9DE79600898D91 /* Login.m */,
				29DCA7B41B9DE79600898D91 /* Logout.h */,
				29DCA7B51B9DE79600898D91 /* Logout.m */,
				29DCA7B61B9DE79600898D91 /* Regist.h */,
				29DCA7B71B9DE79600898D91 /* Regist.m */,
			);
			name = COM;
			path = Model/COM;
			sourceTree = "<group>";
		};
		29DCA7A91B9DE79600898D91 /* DTO */ = {
			isa = PBXGroup;
			children = (
				29DCA7AA1B9DE79600898D91 /* AddressInfoDTO.h */,
				29DCA7AB1B9DE79600898D91 /* AddressInfoDTO.m */,
				29DCA7AC1B9DE79600898D91 /* UserInfoDTO.h */,
				29DCA7AD1B9DE79600898D91 /* UserInfoDTO.m */,
			);
			path = DTO;
			sourceTree = "<group>";
		};
		29EC19361B9087BB002204D9 /* Model */ = {
			isa = PBXGroup;
			children = (
				29EC19371B9087F3002204D9 /* BaseModel.h */,
				29EC19381B9087F3002204D9 /* BaseModel.m */,
				29EC19C31B91AB79002204D9 /* ServiceBaseModel.h */,
				29EC19C41B91AB79002204D9 /* ServiceBaseModel.m */,
			);
			name = Model;
			sourceTree = "<group>";
		};
		29EC193A1B9094DF002204D9 /* OpenSource */ = {
			isa = PBXGroup;
			children = (
				29EC193B1B9094F6002204D9 /* AFNetworking */,
			);
			name = OpenSource;
			sourceTree = "<group>";
		};
		29EC193B1B9094F6002204D9 /* AFNetworking */ = {
			isa = PBXGroup;
			children = (
				29EC19771B9095ED002204D9 /* AFNetworking */,
				29EC198B1B9095ED002204D9 /* UIKit+AFNetworking */,
			);
			name = AFNetworking;
			sourceTree = "<group>";
		};
		29EC19771B9095ED002204D9 /* AFNetworking */ = {
			isa = PBXGroup;
			children = (
				29EC19781B9095ED002204D9 /* AFHTTPRequestOperation.h */,
				29EC19791B9095ED002204D9 /* AFHTTPRequestOperation.m */,
				29EC197A1B9095ED002204D9 /* AFHTTPRequestOperationManager.h */,
				29EC197B1B9095ED002204D9 /* AFHTTPRequestOperationManager.m */,
				29EC197C1B9095ED002204D9 /* AFHTTPSessionManager.h */,
				29EC197D1B9095ED002204D9 /* AFHTTPSessionManager.m */,
				29EC197E1B9095ED002204D9 /* AFNetworking.h */,
				29EC197F1B9095ED002204D9 /* AFNetworkReachabilityManager.h */,
				29EC19801B9095ED002204D9 /* AFNetworkReachabilityManager.m */,
				29EC19811B9095ED002204D9 /* AFSecurityPolicy.h */,
				29EC19821B9095ED002204D9 /* AFSecurityPolicy.m */,
				29EC19831B9095ED002204D9 /* AFURLConnectionOperation.h */,
				29EC19841B9095ED002204D9 /* AFURLConnectionOperation.m */,
				29EC19851B9095ED002204D9 /* AFURLRequestSerialization.h */,
				29EC19861B9095ED002204D9 /* AFURLRequestSerialization.m */,
				29EC19871B9095ED002204D9 /* AFURLResponseSerialization.h */,
				29EC19881B9095ED002204D9 /* AFURLResponseSerialization.m */,
				29EC19891B9095ED002204D9 /* AFURLSessionManager.h */,
				29EC198A1B9095ED002204D9 /* AFURLSessionManager.m */,
			);
			name = AFNetworking;
			path = FrameWork/OpenSource/AFNetworking;
			sourceTree = "<group>";
		};
		29EC198B1B9095ED002204D9 /* UIKit+AFNetworking */ = {
			isa = PBXGroup;
			children = (
				29EC198C1B9095ED002204D9 /* AFNetworkActivityIndicatorManager.h */,
				29EC198D1B9095ED002204D9 /* AFNetworkActivityIndicatorManager.m */,
				29EC198E1B9095ED002204D9 /* UIActivityIndicatorView+AFNetworking.h */,
				29EC198F1B9095ED002204D9 /* UIActivityIndicatorView+AFNetworking.m */,
				29EC19901B9095ED002204D9 /* UIAlertView+AFNetworking.h */,
				29EC19911B9095ED002204D9 /* UIAlertView+AFNetworking.m */,
				29EC19921B9095ED002204D9 /* UIButton+AFNetworking.h */,
				29EC19931B9095ED002204D9 /* UIButton+AFNetworking.m */,
				29EC19941B9095ED002204D9 /* UIImageView+AFNetworking.h */,
				29EC19951B9095ED002204D9 /* UIImageView+AFNetworking.m */,
				29EC19961B9095ED002204D9 /* UIKit+AFNetworking.h */,
				29EC19971B9095ED002204D9 /* UIProgressView+AFNetworking.h */,
				29EC19981B9095ED002204D9 /* UIProgressView+AFNetworking.m */,
				29EC19991B9095ED002204D9 /* UIRefreshControl+AFNetworking.h */,
				29EC199A1B9095ED002204D9 /* UIRefreshControl+AFNetworking.m */,
				29EC199B1B9095ED002204D9 /* UIWebView+AFNetworking.h */,
				29EC199C1B9095ED002204D9 /* UIWebView+AFNetworking.m */,
			);
			name = "UIKit+AFNetworking";
			path = "FrameWork/OpenSource/UIKit+AFNetworking";
			sourceTree = "<group>";
		};
		29EC19C61B91B28B002204D9 /* ViewController */ = {
			isa = PBXGroup;
			children = (
				29EC19C71B91B2C3002204D9 /* BaseViewController.h */,
				29EC19C81B91B2C3002204D9 /* BaseViewController.m */,
				291FDDA21B9D7B1F00536E7B /* ActivityControl.h */,
				291FDDA31B9D7B1F00536E7B /* ActivityControl.m */,
			);
			name = ViewController;
			sourceTree = "<group>";
		};
/* End PBXGroup section */

/* Begin PBXNativeTarget section */
		2928144A1B8E029A008AEC55 /* Genealogy */ = {
			isa = PBXNativeTarget;
			buildConfigurationList = 292814711B8E029A008AEC55 /* Build configuration list for PBXNativeTarget "Genealogy" */;
			buildPhases = (
				292814471B8E029A008AEC55 /* Sources */,
				292814481B8E029A008AEC55 /* Frameworks */,
				292814491B8E029A008AEC55 /* Resources */,
			);
			buildRules = (
			);
			dependencies = (
			);
			name = Genealogy;
			productName = Genealogy;
			productReference = 2928144B1B8E029A008AEC55 /* Genealogy.app */;
			productType = "com.apple.product-type.application";
		};
		292814661B8E029A008AEC55 /* GenealogyTests */ = {
			isa = PBXNativeTarget;
			buildConfigurationList = 292814741B8E029A008AEC55 /* Build configuration list for PBXNativeTarget "GenealogyTests" */;
			buildPhases = (
				292814631B8E029A008AEC55 /* Sources */,
				292814641B8E029A008AEC55 /* Frameworks */,
				292814651B8E029A008AEC55 /* Resources */,
			);
			buildRules = (
			);
			dependencies = (
				292814691B8E029A008AEC55 /* PBXTargetDependency */,
			);
			name = GenealogyTests;
			productName = GenealogyTests;
			productReference = 292814671B8E029A008AEC55 /* GenealogyTests.xctest */;
			productType = "com.apple.product-type.bundle.unit-test";
		};
/* End PBXNativeTarget section */

/* Begin PBXProject section */
		292814431B8E029A008AEC55 /* Project object */ = {
			isa = PBXProject;
			attributes = {
				LastUpgradeCheck = 0640;
				ORGANIZATIONNAME = "xiao huama";
				TargetAttributes = {
					2928144A1B8E029A008AEC55 = {
						CreatedOnToolsVersion = 6.4;
					};
					292814661B8E029A008AEC55 = {
						CreatedOnToolsVersion = 6.4;
						TestTargetID = 2928144A1B8E029A008AEC55;
					};
				};
			};
			buildConfigurationList = 292814461B8E029A008AEC55 /* Build configuration list for PBXProject "Genealogy" */;
			compatibilityVersion = "Xcode 3.2";
			developmentRegion = English;
			hasScannedForEncodings = 0;
			knownRegions = (
				en,
				Base,
			);
			mainGroup = 292814421B8E029A008AEC55;
			productRefGroup = 2928144C1B8E029A008AEC55 /* Products */;
			projectDirPath = "";
			projectRoot = "";
			targets = (
				2928144A1B8E029A008AEC55 /* Genealogy */,
				292814661B8E029A008AEC55 /* GenealogyTests */,
			);
		};
/* End PBXProject section */

/* Begin PBXResourcesBuildPhase section */
		292814491B8E029A008AEC55 /* Resources */ = {
			isa = PBXResourcesBuildPhase;
			buildActionMask = 2147483647;
			files = (
				29A1BC5D1B904421001AE4B5 /* LoginViewController.xib in Resources */,
				292814621B8E029A008AEC55 /* LaunchScreen.xib in Resources */,
				2928145F1B8E029A008AEC55 /* Images.xcassets in Resources */,
				297F870E1B8EE1C40056A89A /* configure.plist in Resources */,
			);
			runOnlyForDeploymentPostprocessing = 0;
		};
		292814651B8E029A008AEC55 /* Resources */ = {
			isa = PBXResourcesBuildPhase;
			buildActionMask = 2147483647;
			files = (
			);
			runOnlyForDeploymentPostprocessing = 0;
		};
/* End PBXResourcesBuildPhase section */

/* Begin PBXSourcesBuildPhase section */
		292814471B8E029A008AEC55 /* Sources */ = {
			isa = PBXSourcesBuildPhase;
			buildActionMask = 2147483647;
			files = (
				29EC19A51B9095ED002204D9 /* AFURLSessionManager.m in Sources */,
				29EC19A21B9095ED002204D9 /* AFURLConnectionOperation.m in Sources */,
				29EC19AC1B9095ED002204D9 /* UIRefreshControl+AFNetworking.m in Sources */,
				29DCA7DC1B9DE79600898D91 /* UpdateAction.m in Sources */,
				29EC19A91B9095ED002204D9 /* UIButton+AFNetworking.m in Sources */,
				29DCA7CF1B9DE79600898D91 /* AttentionNotice.m in Sources */,
				29EC19AB1B9095ED002204D9 /* UIProgressView+AFNetworking.m in Sources */,
				29DCA7BF1B9DE79600898D91 /* GetClansman.m in Sources */,
				29DCA7D21B9DE79600898D91 /* NoticeDTO.m in Sources */,
				29EC199D1B9095ED002204D9 /* AFHTTPRequestOperation.m in Sources */,
				29DCA7B91B9DE79600898D91 /* DeleteFamilyInfo.m in Sources */,
				29DCA7C51B9DE79600898D91 /* UpdateFamilyInfo.m in Sources */,
				29DCA7D61B9DE79600898D91 /* UpdateFamilyNotice.m in Sources */,
				297F870C1B8ED34E0056A89A /* MXHFrameWork.m in Sources */,
				29DCA7D71B9DE79600898D91 /* AddAction.m in Sources */,
				29EC19A81B9095ED002204D9 /* UIAlertView+AFNetworking.m in Sources */,
				29EC199E1B9095ED002204D9 /* AFHTTPRequestOperationManager.m in Sources */,
				29DCA7EB1B9DE7F000898D91 /* GetAppVersion.m in Sources */,
				29DCA7CD1B9DE79600898D91 /* UploadComment.m in Sources */,
				29DCA7D31B9DE79600898D91 /* NoticeInfoDTO.m in Sources */,
				29DCA7DA1B9DE79600898D91 /* SettingInfoDTO.m in Sources */,
				29DCA7CC1B9DE79600898D91 /* UpdatePraise.m in Sources */,
				29DCA7DD1B9DE79600898D91 /* UpdatePhone.m in Sources */,
				29DCA7B81B9DE79600898D91 /* AddFamilyInfo.m in Sources */,
				29A1BC561B9040AB001AE4B5 /* MainViewController.m in Sources */,
				29DCA7C41B9DE79600898D91 /* RemovPeople.m in Sources */,
				296803461BA15524002600B6 /* ViewActionDTO.m in Sources */,
				29DCA7E11B9DE79600898D91 /* UserInfoDTO.m in Sources */,
				296FE84D1B934ACB0029CD2F /* RMParallax.swift in Sources */,
				29DCA7D01B9DE79600898D91 /* CommentNotice.m in Sources */,
				29DCA7C61B9DE79600898D91 /* UpdatePeopleInfo.m in Sources */,
				29EC19391B9087F3002204D9 /* BaseModel.m in Sources */,
				29DCA7C31B9DE79600898D91 /* GetPeople.m in Sources */,
				29DCA7CE1B9DE79600898D91 /* AddFamilyNotice.m in Sources */,
				29EC19AA1B9095ED002204D9 /* UIImageView+AFNetworking.m in Sources */,
				29DCA7E61B9DE79600898D91 /* Regist.m in Sources */,
				29EC199F1B9095ED002204D9 /* AFHTTPSessionManager.m in Sources */,
				29DCA7C21B9DE79600898D91 /* GetFamilyOtherClansman.m in Sources */,
				29EC19A71B9095ED002204D9 /* UIActivityIndicatorView+AFNetworking.m in Sources */,
				29EC19C51B91AB79002204D9 /* ServiceBaseModel.m in Sources */,
				29DCA7C91B9DE79600898D91 /* CommentDTO.m in Sources */,
				29EC19A61B9095ED002204D9 /* AFNetworkActivityIndicatorManager.m in Sources */,
				296FE84B1B934A9F0029CD2F /* ParallaxItem.swift in Sources */,
				29A1BC5C1B904421001AE4B5 /* LoginViewController.m in Sources */,
				29DCA7CA1B9DE79600898D91 /* GetActionComment.m in Sources */,
				29DCA7E41B9DE79600898D91 /* Login.m in Sources */,
				29DCA7CB1B9DE79600898D91 /* GetFamilyAction.m in Sources */,
				29DCA7D51B9DE79600898D91 /* GetFamilyNoticeInfo.m in Sources */,
				29EC19C91B91B2C3002204D9 /* BaseViewController.m in Sources */,
				29DCA7E51B9DE79600898D91 /* Logout.m in Sources */,
				29DCA7C01B9DE79600898D91 /* GetClansmanTree.m in Sources */,
				29EC19A11B9095ED002204D9 /* AFSecurityPolicy.m in Sources */,
				29DCA7D81B9DE79600898D91 /* DeleteAction.m in Sources */,
				29DCA7BD1B9DE79600898D91 /* FemaleNoteDTO.m in Sources */,
				296803491BA15538002600B6 /* ActionDTO.m in Sources */,
				29DCA7C71B9DE79600898D91 /* UpdatePeopleLocal.m in Sources */,
				291843991B9D403A00720334 /* VersionController.m in Sources */,
				292814541B8E029A008AEC55 /* AppDelegate.m in Sources */,
				29DCA7DB1B9DE79600898D91 /* GetSetting.m in Sources */,
				29DCA7EC1B9DE7F000898D91 /* GetValidCode.m in Sources */,
				29DCA7BE1B9DE79600898D91 /* PhoneNoteDTO.m in Sources */,
				29DCA7C11B9DE79600898D91 /* GetCleansmanList.m in Sources */,
				29EC19A31B9095ED002204D9 /* AFURLRequestSerialization.m in Sources */,
				29DCA7DF1B9DE79600898D91 /* UpdateSetting.m in Sources */,
				291FDDA41B9D7B1F00536E7B /* ActivityControl.m in Sources */,
				29DCA7D41B9DE79600898D91 /* GetFamilyNotice.m in Sources */,
				29EC19A01B9095ED002204D9 /* AFNetworkReachabilityManager.m in Sources */,
				29EC19AD1B9095ED002204D9 /* UIWebView+AFNetworking.m in Sources */,
				29DCA7BC1B9DE79600898D91 /* FamilyInfoDTO.m in Sources */,
				29DCA7BB1B9DE79600898D91 /* FamileyNoteDTO.m in Sources */,
				29DCA7BA1B9DE79600898D91 /* CleansmanDTO.m in Sources */,
				29DCA7DE1B9DE79600898D91 /* UpdateQuestion.m in Sources */,
				29EC19A41B9095ED002204D9 /* AFURLResponseSerialization.m in Sources */,
				29DCA7E01B9DE79600898D91 /* AddressInfoDTO.m in Sources */,
				29DCA7D11B9DE79600898D91 /* NoticeCommentDTO.m in Sources */,
				296FE8531B934D900029CD2F /* GuidViewController.m in Sources */,
				292814511B8E029A008AEC55 /* main.m in Sources */,
			);
			runOnlyForDeploymentPostprocessing = 0;
		};
		292814631B8E029A008AEC55 /* Sources */ = {
			isa = PBXSourcesBuildPhase;
			buildActionMask = 2147483647;
			files = (
				2928146E1B8E029A008AEC55 /* GenealogyTests.m in Sources */,
			);
			runOnlyForDeploymentPostprocessing = 0;
		};
/* End PBXSourcesBuildPhase section */

/* Begin PBXTargetDependency section */
		292814691B8E029A008AEC55 /* PBXTargetDependency */ = {
			isa = PBXTargetDependency;
			target = 2928144A1B8E029A008AEC55 /* Genealogy */;
			targetProxy = 292814681B8E029A008AEC55 /* PBXContainerItemProxy */;
		};
/* End PBXTargetDependency section */

/* Begin PBXVariantGroup section */
		292814601B8E029A008AEC55 /* LaunchScreen.xib */ = {
			isa = PBXVariantGroup;
			children = (
				292814611B8E029A008AEC55 /* Base */,
			);
			name = LaunchScreen.xib;
			sourceTree = "<group>";
		};
/* End PBXVariantGroup section */

/* Begin XCBuildConfiguration section */
		2928146F1B8E029A008AEC55 /* Debug */ = {
			isa = XCBuildConfiguration;
			buildSettings = {
				ALWAYS_SEARCH_USER_PATHS = NO;
				CLANG_CXX_LANGUAGE_STANDARD = "gnu++0x";
				CLANG_CXX_LIBRARY = "libc++";
				CLANG_ENABLE_MODULES = YES;
				CLANG_ENABLE_OBJC_ARC = YES;
				CLANG_WARN_BOOL_CONVERSION = YES;
				CLANG_WARN_CONSTANT_CONVERSION = YES;
				CLANG_WARN_DIRECT_OBJC_ISA_USAGE = YES_ERROR;
				CLANG_WARN_EMPTY_BODY = YES;
				CLANG_WARN_ENUM_CONVERSION = YES;
				CLANG_WARN_INT_CONVERSION = YES;
				CLANG_WARN_OBJC_ROOT_CLASS = YES_ERROR;
				CLANG_WARN_UNREACHABLE_CODE = YES;
				CLANG_WARN__DUPLICATE_METHOD_MATCH = YES;
				"CODE_SIGN_IDENTITY[sdk=iphoneos*]" = "iPhone Developer";
				COPY_PHASE_STRIP = NO;
				DEBUG_INFORMATION_FORMAT = "dwarf-with-dsym";
				ENABLE_STRICT_OBJC_MSGSEND = YES;
				GCC_C_LANGUAGE_STANDARD = gnu99;
				GCC_DYNAMIC_NO_PIC = NO;
				GCC_NO_COMMON_BLOCKS = YES;
				GCC_OPTIMIZATION_LEVEL = 0;
				GCC_PREPROCESSOR_DEFINITIONS = (
					"DEBUG=1",
					"$(inherited)",
				);
				GCC_SYMBOLS_PRIVATE_EXTERN = NO;
				GCC_WARN_64_TO_32_BIT_CONVERSION = YES;
				GCC_WARN_ABOUT_RETURN_TYPE = YES_ERROR;
				GCC_WARN_UNDECLARED_SELECTOR = YES;
				GCC_WARN_UNINITIALIZED_AUTOS = YES_AGGRESSIVE;
				GCC_WARN_UNUSED_FUNCTION = YES;
				GCC_WARN_UNUSED_VARIABLE = YES;
				IPHONEOS_DEPLOYMENT_TARGET = 8.4;
				MTL_ENABLE_DEBUG_INFO = YES;
				ONLY_ACTIVE_ARCH = YES;
				SDKROOT = iphoneos;
			};
			name = Debug;
		};
		292814701B8E029A008AEC55 /* Release */ = {
			isa = XCBuildConfiguration;
			buildSettings = {
				ALWAYS_SEARCH_USER_PATHS = NO;
				CLANG_CXX_LANGUAGE_STANDARD = "gnu++0x";
				CLANG_CXX_LIBRARY = "libc++";
				CLANG_ENABLE_MODULES = YES;
				CLANG_ENABLE_OBJC_ARC = YES;
				CLANG_WARN_BOOL_CONVERSION = YES;
				CLANG_WARN_CONSTANT_CONVERSION = YES;
				CLANG_WARN_DIRECT_OBJC_ISA_USAGE = YES_ERROR;
				CLANG_WARN_EMPTY_BODY = YES;
				CLANG_WARN_ENUM_CONVERSION = YES;
				CLANG_WARN_INT_CONVERSION = YES;
				CLANG_WARN_OBJC_ROOT_CLASS = YES_ERROR;
				CLANG_WARN_UNREACHABLE_CODE = YES;
				CLANG_WARN__DUPLICATE_METHOD_MATCH = YES;
				"CODE_SIGN_IDENTITY[sdk=iphoneos*]" = "iPhone Developer";
				COPY_PHASE_STRIP = NO;
				DEBUG_INFORMATION_FORMAT = "dwarf-with-dsym";
				ENABLE_NS_ASSERTIONS = NO;
				ENABLE_STRICT_OBJC_MSGSEND = YES;
				GCC_C_LANGUAGE_STANDARD = gnu99;
				GCC_NO_COMMON_BLOCKS = YES;
				GCC_WARN_64_TO_32_BIT_CONVERSION = YES;
				GCC_WARN_ABOUT_RETURN_TYPE = YES_ERROR;
				GCC_WARN_UNDECLARED_SELECTOR = YES;
				GCC_WARN_UNINITIALIZED_AUTOS = YES_AGGRESSIVE;
				GCC_WARN_UNUSED_FUNCTION = YES;
				GCC_WARN_UNUSED_VARIABLE = YES;
				IPHONEOS_DEPLOYMENT_TARGET = 8.4;
				MTL_ENABLE_DEBUG_INFO = NO;
				SDKROOT = iphoneos;
				VALIDATE_PRODUCT = YES;
			};
			name = Release;
		};
		292814721B8E029A008AEC55 /* Debug */ = {
			isa = XCBuildConfiguration;
			buildSettings = {
				ASSETCATALOG_COMPILER_APPICON_NAME = AppIcon;
				CLANG_ENABLE_MODULES = YES;
				INFOPLIST_FILE = Genealogy/Info.plist;
				LD_RUNPATH_SEARCH_PATHS = "$(inherited) @executable_path/Frameworks";
				PRODUCT_NAME = "$(TARGET_NAME)";
				SWIFT_OBJC_BRIDGING_HEADER = "Genealogy/Genealogy-Bridging-Header.h";
				SWIFT_OPTIMIZATION_LEVEL = "-Onone";
			};
			name = Debug;
		};
		292814731B8E029A008AEC55 /* Release */ = {
			isa = XCBuildConfiguration;
			buildSettings = {
				ASSETCATALOG_COMPILER_APPICON_NAME = AppIcon;
				CLANG_ENABLE_MODULES = YES;
				INFOPLIST_FILE = Genealogy/Info.plist;
				LD_RUNPATH_SEARCH_PATHS = "$(inherited) @executable_path/Frameworks";
				PRODUCT_NAME = "$(TARGET_NAME)";
				SWIFT_OBJC_BRIDGING_HEADER = "Genealogy/Genealogy-Bridging-Header.h";
			};
			name = Release;
		};
		292814751B8E029A008AEC55 /* Debug */ = {
			isa = XCBuildConfiguration;
			buildSettings = {
				BUNDLE_LOADER = "$(TEST_HOST)";
				FRAMEWORK_SEARCH_PATHS = (
					"$(SDKROOT)/Developer/Library/Frameworks",
					"$(inherited)",
				);
				GCC_PREPROCESSOR_DEFINITIONS = (
					"DEBUG=1",
					"$(inherited)",
				);
				INFOPLIST_FILE = GenealogyTests/Info.plist;
				LD_RUNPATH_SEARCH_PATHS = "$(inherited) @executable_path/Frameworks @loader_path/Frameworks";
				PRODUCT_NAME = "$(TARGET_NAME)";
				TEST_HOST = "$(BUILT_PRODUCTS_DIR)/Genealogy.app/Genealogy";
			};
			name = Debug;
		};
		292814761B8E029A008AEC55 /* Release */ = {
			isa = XCBuildConfiguration;
			buildSettings = {
				BUNDLE_LOADER = "$(TEST_HOST)";
				FRAMEWORK_SEARCH_PATHS = (
					"$(SDKROOT)/Developer/Library/Frameworks",
					"$(inherited)",
				);
				INFOPLIST_FILE = GenealogyTests/Info.plist;
				LD_RUNPATH_SEARCH_PATHS = "$(inherited) @executable_path/Frameworks @loader_path/Frameworks";
				PRODUCT_NAME = "$(TARGET_NAME)";
				TEST_HOST = "$(BUILT_PRODUCTS_DIR)/Genealogy.app/Genealogy";
			};
			name = Release;
		};
/* End XCBuildConfiguration section */

/* Begin XCConfigurationList section */
		292814461B8E029A008AEC55 /* Build configuration list for PBXProject "Genealogy" */ = {
			isa = XCConfigurationList;
			buildConfigurations = (
				2928146F1B8E029A008AEC55 /* Debug */,
				292814701B8E029A008AEC55 /* Release */,
			);
			defaultConfigurationIsVisible = 0;
			defaultConfigurationName = Release;
		};
		292814711B8E029A008AEC55 /* Build configuration list for PBXNativeTarget "Genealogy" */ = {
			isa = XCConfigurationList;
			buildConfigurations = (
				292814721B8E029A008AEC55 /* Debug */,
				292814731B8E029A008AEC55 /* Release */,
			);
			defaultConfigurationIsVisible = 0;
			defaultConfigurationName = Release;
		};
		292814741B8E029A008AEC55 /* Build configuration list for PBXNativeTarget "GenealogyTests" */ = {
			isa = XCConfigurationList;
			buildConfigurations = (
				292814751B8E029A008AEC55 /* Debug */,
				292814761B8E029A008AEC55 /* Release */,
			);
			defaultConfigurationIsVisible = 0;
			defaultConfigurationName = Release;
		};
/* End XCConfigurationList section */
	};
	rootObject = 292814431B8E029A008AEC55 /* Project object */;
}
