// !$*UTF8*$!
{
	archiveVersion = 1;
	classes = {
	};
	objectVersion = 46;
	objects = {

/* Begin PBXBuildFile section */
		292814511B8E029A008AEC55 /* main.m in Sources */ = {isa = PBXBuildFile; fileRef = 292814501B8E029A008AEC55 /* main.m */; };
		292814541B8E029A008AEC55 /* AppDelegate.m in Sources */ = {isa = PBXBuildFile; fileRef = 292814531B8E029A008AEC55 /* AppDelegate.m */; };
		2928145F1B8E029A008AEC55 /* Images.xcassets in Resources */ = {isa = PBXBuildFile; fileRef = 2928145E1B8E029A008AEC55 /* Images.xcassets */; };
		292814621B8E029A008AEC55 /* LaunchScreen.xib in Resources */ = {isa = PBXBuildFile; fileRef = 292814601B8E029A008AEC55 /* LaunchScreen.xib */; };
		2928146E1B8E029A008AEC55 /* GenealogyTests.m in Sources */ = {isa = PBXBuildFile; fileRef = 2928146D1B8E029A008AEC55 /* GenealogyTests.m */; };
		297F870C1B8ED34E0056A89A /* MXHFrameWork.m in Sources */ = {isa = PBXBuildFile; fileRef = 297F870B1B8ED34E0056A89A /* MXHFrameWork.m */; };
		297F870E1B8EE1C40056A89A /* configure.plist in Resources */ = {isa = PBXBuildFile; fileRef = 297F870D1B8EE1C40056A89A /* configure.plist */; };
		297F871A1B8F3B7A0056A89A /* LoginViewController.m in Sources */ = {isa = PBXBuildFile; fileRef = 297F87181B8F3B7A0056A89A /* LoginViewController.m */; };
		297F871B1B8F3B7A0056A89A /* LoginViewController.xib in Resources */ = {isa = PBXBuildFile; fileRef = 297F87191B8F3B7A0056A89A /* LoginViewController.xib */; };
		297F872B1B8F478E0056A89A /* WelcomeViewController.m in Sources */ = {isa = PBXBuildFile; fileRef = 297F87291B8F478E0056A89A /* WelcomeViewController.m */; };
		297F872C1B8F478E0056A89A /* WelcomeViewController.xib in Resources */ = {isa = PBXBuildFile; fileRef = 297F872A1B8F478E0056A89A /* WelcomeViewController.xib */; };
		297F872F1B8F56680056A89A /* IntroductionViewController.m in Sources */ = {isa = PBXBuildFile; fileRef = 297F872E1B8F56680056A89A /* IntroductionViewController.m */; };
/* End PBXBuildFile section */

/* Begin PBXContainerItemProxy section */
		292814681B8E029A008AEC55 /* PBXContainerItemProxy */ = {
			isa = PBXContainerItemProxy;
			containerPortal = 292814431B8E029A008AEC55 /* Project object */;
			proxyType = 1;
			remoteGlobalIDString = 2928144A1B8E029A008AEC55;
			remoteInfo = Genealogy;
		};
/* End PBXContainerItemProxy section */

/* Begin PBXFileReference section */
		2928144B1B8E029A008AEC55 /* Genealogy.app */ = {isa = PBXFileReference; explicitFileType = wrapper.application; includeInIndex = 0; path = Genealogy.app; sourceTree = BUILT_PRODUCTS_DIR; };
		2928144F1B8E029A008AEC55 /* Info.plist */ = {isa = PBXFileReference; lastKnownFileType = text.plist.xml; path = Info.plist; sourceTree = "<group>"; };
		292814501B8E029A008AEC55 /* main.m */ = {isa = PBXFileReference; lastKnownFileType = sourcecode.c.objc; path = main.m; sourceTree = "<group>"; };
		292814521B8E029A008AEC55 /* AppDelegate.h */ = {isa = PBXFileReference; lastKnownFileType = sourcecode.c.h; path = AppDelegate.h; sourceTree = "<group>"; };
		292814531B8E029A008AEC55 /* AppDelegate.m */ = {isa = PBXFileReference; lastKnownFileType = sourcecode.c.objc; path = AppDelegate.m; sourceTree = "<group>"; };
		2928145E1B8E029A008AEC55 /* Images.xcassets */ = {isa = PBXFileReference; lastKnownFileType = folder.assetcatalog; path = Images.xcassets; sourceTree = "<group>"; };
		292814611B8E029A008AEC55 /* Base */ = {isa = PBXFileReference; lastKnownFileType = file.xib; name = Base; path = Base.lproj/LaunchScreen.xib; sourceTree = "<group>"; };
		292814671B8E029A008AEC55 /* GenealogyTests.xctest */ = {isa = PBXFileReference; explicitFileType = wrapper.cfbundle; includeInIndex = 0; path = GenealogyTests.xctest; sourceTree = BUILT_PRODUCTS_DIR; };
		2928146C1B8E029A008AEC55 /* Info.plist */ = {isa = PBXFileReference; lastKnownFileType = text.plist.xml; path = Info.plist; sourceTree = "<group>"; };
		2928146D1B8E029A008AEC55 /* GenealogyTests.m */ = {isa = PBXFileReference; lastKnownFileType = sourcecode.c.objc; path = GenealogyTests.m; sourceTree = "<group>"; };
		297F870A1B8ED33A0056A89A /* MXHFrameWork.h */ = {isa = PBXFileReference; lastKnownFileType = sourcecode.c.h; name = MXHFrameWork.h; path = FrameWork/MXHFrameWork.h; sourceTree = "<group>"; };
		297F870B1B8ED34E0056A89A /* MXHFrameWork.m */ = {isa = PBXFileReference; fileEncoding = 4; lastKnownFileType = sourcecode.c.objc; name = MXHFrameWork.m; path = FrameWork/MXHFrameWork.m; sourceTree = "<group>"; };
		297F870D1B8EE1C40056A89A /* configure.plist */ = {isa = PBXFileReference; fileEncoding = 4; lastKnownFileType = text.plist.xml; name = configure.plist; path = Resources/configure.plist; sourceTree = "<group>"; };
		297F87171B8F3B7A0056A89A /* LoginViewController.h */ = {isa = PBXFileReference; fileEncoding = 4; lastKnownFileType = sourcecode.c.h; path = LoginViewController.h; sourceTree = "<group>"; };
		297F87181B8F3B7A0056A89A /* LoginViewController.m */ = {isa = PBXFileReference; fileEncoding = 4; lastKnownFileType = sourcecode.c.objc; path = LoginViewController.m; sourceTree = "<group>"; };
		297F87191B8F3B7A0056A89A /* LoginViewController.xib */ = {isa = PBXFileReference; fileEncoding = 4; lastKnownFileType = file.xib; path = LoginViewController.xib; sourceTree = "<group>"; };
		297F87271B8F46DE0056A89A /* Constant.h */ = {isa = PBXFileReference; lastKnownFileType = sourcecode.c.h; name = Constant.h; path = Protocal/Constant.h; sourceTree = "<group>"; };
		297F87281B8F478E0056A89A /* WelcomeViewController.h */ = {isa = PBXFileReference; fileEncoding = 4; lastKnownFileType = sourcecode.c.h; path = WelcomeViewController.h; sourceTree = "<group>"; };
		297F87291B8F478E0056A89A /* WelcomeViewController.m */ = {isa = PBXFileReference; fileEncoding = 4; lastKnownFileType = sourcecode.c.objc; path = WelcomeViewController.m; sourceTree = "<group>"; };
		297F872A1B8F478E0056A89A /* WelcomeViewController.xib */ = {isa = PBXFileReference; fileEncoding = 4; lastKnownFileType = file.xib; path = WelcomeViewController.xib; sourceTree = "<group>"; };
		297F872D1B8F56680056A89A /* IntroductionViewController.h */ = {isa = PBXFileReference; fileEncoding = 4; lastKnownFileType = sourcecode.c.h; name = IntroductionViewController.h; path = FrameWork/GuidViewController/IntroductionViewController.h; sourceTree = "<group>"; };
		297F872E1B8F56680056A89A /* IntroductionViewController.m */ = {isa = PBXFileReference; fileEncoding = 4; lastKnownFileType = sourcecode.c.objc; name = IntroductionViewController.m; path = FrameWork/GuidViewController/IntroductionViewController.m; sourceTree = "<group>"; };
/* End PBXFileReference section */

/* Begin PBXFrameworksBuildPhase section */
		292814481B8E029A008AEC55 /* Frameworks */ = {
			isa = PBXFrameworksBuildPhase;
			buildActionMask = 2147483647;
			files = (
			);
			runOnlyForDeploymentPostprocessing = 0;
		};
		292814641B8E029A008AEC55 /* Frameworks */ = {
			isa = PBXFrameworksBuildPhase;
			buildActionMask = 2147483647;
			files = (
			);
			runOnlyForDeploymentPostprocessing = 0;
		};
/* End PBXFrameworksBuildPhase section */

/* Begin PBXGroup section */
		292814421B8E029A008AEC55 = {
			isa = PBXGroup;
			children = (
				2928144D1B8E029A008AEC55 /* Genealogy */,
				2928146A1B8E029A008AEC55 /* GenealogyTests */,
				2928144C1B8E029A008AEC55 /* Products */,
			);
			sourceTree = "<group>";
		};
		2928144C1B8E029A008AEC55 /* Products */ = {
			isa = PBXGroup;
			children = (
				2928144B1B8E029A008AEC55 /* Genealogy.app */,
				292814671B8E029A008AEC55 /* GenealogyTests.xctest */,
			);
			name = Products;
			sourceTree = "<group>";
		};
		2928144D1B8E029A008AEC55 /* Genealogy */ = {
			isa = PBXGroup;
			children = (
				2928149D1B8EAA22008AEC55 /* FrameWork */,
				292814521B8E029A008AEC55 /* AppDelegate.h */,
				292814531B8E029A008AEC55 /* AppDelegate.m */,
				2928145E1B8E029A008AEC55 /* Images.xcassets */,
				292814601B8E029A008AEC55 /* LaunchScreen.xib */,
				2928144E1B8E029A008AEC55 /* Supporting Files */,
				297F87171B8F3B7A0056A89A /* LoginViewController.h */,
				297F87181B8F3B7A0056A89A /* LoginViewController.m */,
				297F87191B8F3B7A0056A89A /* LoginViewController.xib */,
				297F87281B8F478E0056A89A /* WelcomeViewController.h */,
				297F87291B8F478E0056A89A /* WelcomeViewController.m */,
				297F872A1B8F478E0056A89A /* WelcomeViewController.xib */,
			);
			path = Genealogy;
			sourceTree = "<group>";
		};
		2928144E1B8E029A008AEC55 /* Supporting Files */ = {
			isa = PBXGroup;
			children = (
				2928144F1B8E029A008AEC55 /* Info.plist */,
				292814501B8E029A008AEC55 /* main.m */,
				297F870D1B8EE1C40056A89A /* configure.plist */,
			);
			name = "Supporting Files";
			sourceTree = "<group>";
		};
		2928146A1B8E029A008AEC55 /* GenealogyTests */ = {
			isa = PBXGroup;
			children = (
				2928146D1B8E029A008AEC55 /* GenealogyTests.m */,
				2928146B1B8E029A008AEC55 /* Supporting Files */,
			);
			path = GenealogyTests;
			sourceTree = "<group>";
		};
		2928146B1B8E029A008AEC55 /* Supporting Files */ = {
			isa = PBXGroup;
			children = (
				2928146C1B8E029A008AEC55 /* Info.plist */,
			);
			name = "Supporting Files";
			sourceTree = "<group>";
		};
		2928149D1B8EAA22008AEC55 /* FrameWork */ = {
			isa = PBXGroup;
			children = (
				297F87261B8F468C0056A89A /* Protocal */,
				297F87101B8F276F0056A89A /* UtilityViewController */,
				297F870A1B8ED33A0056A89A /* MXHFrameWork.h */,
				297F870B1B8ED34E0056A89A /* MXHFrameWork.m */,
			);
			name = FrameWork;
			sourceTree = "<group>";
		};
		297F870F1B8F27550056A89A /* GuidViewController */ = {
			isa = PBXGroup;
			children = (
				297F872D1B8F56680056A89A /* IntroductionViewController.h */,
				297F872E1B8F56680056A89A /* IntroductionViewController.m */,
			);
			name = GuidViewController;
			sourceTree = "<group>";
		};
		297F87101B8F276F0056A89A /* UtilityViewController */ = {
			isa = PBXGroup;
			children = (
				297F870F1B8F27550056A89A /* GuidViewController */,
			);
			name = UtilityViewController;
			sourceTree = "<group>";
		};
		297F87261B8F468C0056A89A /* Protocal */ = {
			isa = PBXGroup;
			children = (
				297F87271B8F46DE0056A89A /* Constant.h */,
			);
			name = Protocal;
			sourceTree = "<group>";
		};
/* End PBXGroup section */

/* Begin PBXNativeTarget section */
		2928144A1B8E029A008AEC55 /* Genealogy */ = {
			isa = PBXNativeTarget;
			buildConfigurationList = 292814711B8E029A008AEC55 /* Build configuration list for PBXNativeTarget "Genealogy" */;
			buildPhases = (
				292814471B8E029A008AEC55 /* Sources */,
				292814481B8E029A008AEC55 /* Frameworks */,
				292814491B8E029A008AEC55 /* Resources */,
			);
			buildRules = (
			);
			dependencies = (
			);
			name = Genealogy;
			productName = Genealogy;
			productReference = 2928144B1B8E029A008AEC55 /* Genealogy.app */;
			productType = "com.apple.product-type.application";
		};
		292814661B8E029A008AEC55 /* GenealogyTests */ = {
			isa = PBXNativeTarget;
			buildConfigurationList = 292814741B8E029A008AEC55 /* Build configuration list for PBXNativeTarget "GenealogyTests" */;
			buildPhases = (
				292814631B8E029A008AEC55 /* Sources */,
				292814641B8E029A008AEC55 /* Frameworks */,
				292814651B8E029A008AEC55 /* Resources */,
			);
			buildRules = (
			);
			dependencies = (
				292814691B8E029A008AEC55 /* PBXTargetDependency */,
			);
			name = GenealogyTests;
			productName = GenealogyTests;
			productReference = 292814671B8E029A008AEC55 /* GenealogyTests.xctest */;
			productType = "com.apple.product-type.bundle.unit-test";
		};
/* End PBXNativeTarget section */

/* Begin PBXProject section */
		292814431B8E029A008AEC55 /* Project object */ = {
			isa = PBXProject;
			attributes = {
				LastUpgradeCheck = 0640;
				ORGANIZATIONNAME = "xiao huama";
				TargetAttributes = {
					2928144A1B8E029A008AEC55 = {
						CreatedOnToolsVersion = 6.4;
					};
					292814661B8E029A008AEC55 = {
						CreatedOnToolsVersion = 6.4;
						TestTargetID = 2928144A1B8E029A008AEC55;
					};
				};
			};
			buildConfigurationList = 292814461B8E029A008AEC55 /* Build configuration list for PBXProject "Genealogy" */;
			compatibilityVersion = "Xcode 3.2";
			developmentRegion = English;
			hasScannedForEncodings = 0;
			knownRegions = (
				en,
				Base,
			);
			mainGroup = 292814421B8E029A008AEC55;
			productRefGroup = 2928144C1B8E029A008AEC55 /* Products */;
			projectDirPath = "";
			projectRoot = "";
			targets = (
				2928144A1B8E029A008AEC55 /* Genealogy */,
				292814661B8E029A008AEC55 /* GenealogyTests */,
			);
		};
/* End PBXProject section */

/* Begin PBXResourcesBuildPhase section */
		292814491B8E029A008AEC55 /* Resources */ = {
			isa = PBXResourcesBuildPhase;
			buildActionMask = 2147483647;
			files = (
				297F872C1B8F478E0056A89A /* WelcomeViewController.xib in Resources */,
				297F871B1B8F3B7A0056A89A /* LoginViewController.xib in Resources */,
				292814621B8E029A008AEC55 /* LaunchScreen.xib in Resources */,
				2928145F1B8E029A008AEC55 /* Images.xcassets in Resources */,
				297F870E1B8EE1C40056A89A /* configure.plist in Resources */,
			);
			runOnlyForDeploymentPostprocessing = 0;
		};
		292814651B8E029A008AEC55 /* Resources */ = {
			isa = PBXResourcesBuildPhase;
			buildActionMask = 2147483647;
			files = (
			);
			runOnlyForDeploymentPostprocessing = 0;
		};
/* End PBXResourcesBuildPhase section */

/* Begin PBXSourcesBuildPhase section */
		292814471B8E029A008AEC55 /* Sources */ = {
			isa = PBXSourcesBuildPhase;
			buildActionMask = 2147483647;
			files = (
				297F872B1B8F478E0056A89A /* WelcomeViewController.m in Sources */,
				297F870C1B8ED34E0056A89A /* MXHFrameWork.m in Sources */,
				297F872F1B8F56680056A89A /* IntroductionViewController.m in Sources */,
				292814541B8E029A008AEC55 /* AppDelegate.m in Sources */,
				292814511B8E029A008AEC55 /* main.m in Sources */,
				297F871A1B8F3B7A0056A89A /* LoginViewController.m in Sources */,
			);
			runOnlyForDeploymentPostprocessing = 0;
		};
		292814631B8E029A008AEC55 /* Sources */ = {
			isa = PBXSourcesBuildPhase;
			buildActionMask = 2147483647;
			files = (
				2928146E1B8E029A008AEC55 /* GenealogyTests.m in Sources */,
			);
			runOnlyForDeploymentPostprocessing = 0;
		};
/* End PBXSourcesBuildPhase section */

/* Begin PBXTargetDependency section */
		292814691B8E029A008AEC55 /* PBXTargetDependency */ = {
			isa = PBXTargetDependency;
			target = 2928144A1B8E029A008AEC55 /* Genealogy */;
			targetProxy = 292814681B8E029A008AEC55 /* PBXContainerItemProxy */;
		};
/* End PBXTargetDependency section */

/* Begin PBXVariantGroup section */
		292814601B8E029A008AEC55 /* LaunchScreen.xib */ = {
			isa = PBXVariantGroup;
			children = (
				292814611B8E029A008AEC55 /* Base */,
			);
			name = LaunchScreen.xib;
			sourceTree = "<group>";
		};
/* End PBXVariantGroup section */

/* Begin XCBuildConfiguration section */
		2928146F1B8E029A008AEC55 /* Debug */ = {
			isa = XCBuildConfiguration;
			buildSettings = {
				ALWAYS_SEARCH_USER_PATHS = NO;
				CLANG_CXX_LANGUAGE_STANDARD = "gnu++0x";
				CLANG_CXX_LIBRARY = "libc++";
				CLANG_ENABLE_MODULES = YES;
				CLANG_ENABLE_OBJC_ARC = YES;
				CLANG_WARN_BOOL_CONVERSION = YES;
				CLANG_WARN_CONSTANT_CONVERSION = YES;
				CLANG_WARN_DIRECT_OBJC_ISA_USAGE = YES_ERROR;
				CLANG_WARN_EMPTY_BODY = YES;
				CLANG_WARN_ENUM_CONVERSION = YES;
				CLANG_WARN_INT_CONVERSION = YES;
				CLANG_WARN_OBJC_ROOT_CLASS = YES_ERROR;
				CLANG_WARN_UNREACHABLE_CODE = YES;
				CLANG_WARN__DUPLICATE_METHOD_MATCH = YES;
				"CODE_SIGN_IDENTITY[sdk=iphoneos*]" = "iPhone Developer";
				COPY_PHASE_STRIP = NO;
				DEBUG_INFORMATION_FORMAT = "dwarf-with-dsym";
				ENABLE_STRICT_OBJC_MSGSEND = YES;
				GCC_C_LANGUAGE_STANDARD = gnu99;
				GCC_DYNAMIC_NO_PIC = NO;
				GCC_NO_COMMON_BLOCKS = YES;
				GCC_OPTIMIZATION_LEVEL = 0;
				GCC_PREPROCESSOR_DEFINITIONS = (
					"DEBUG=1",
					"$(inherited)",
				);
				GCC_SYMBOLS_PRIVATE_EXTERN = NO;
				GCC_WARN_64_TO_32_BIT_CONVERSION = YES;
				GCC_WARN_ABOUT_RETURN_TYPE = YES_ERROR;
				GCC_WARN_UNDECLARED_SELECTOR = YES;
				GCC_WARN_UNINITIALIZED_AUTOS = YES_AGGRESSIVE;
				GCC_WARN_UNUSED_FUNCTION = YES;
				GCC_WARN_UNUSED_VARIABLE = YES;
				IPHONEOS_DEPLOYMENT_TARGET = 8.4;
				MTL_ENABLE_DEBUG_INFO = YES;
				ONLY_ACTIVE_ARCH = YES;
				SDKROOT = iphoneos;
			};
			name = Debug;
		};
		292814701B8E029A008AEC55 /* Release */ = {
			isa = XCBuildConfiguration;
			buildSettings = {
				ALWAYS_SEARCH_USER_PATHS = NO;
				CLANG_CXX_LANGUAGE_STANDARD = "gnu++0x";
				CLANG_CXX_LIBRARY = "libc++";
				CLANG_ENABLE_MODULES = YES;
				CLANG_ENABLE_OBJC_ARC = YES;
				CLANG_WARN_BOOL_CONVERSION = YES;
				CLANG_WARN_CONSTANT_CONVERSION = YES;
				CLANG_WARN_DIRECT_OBJC_ISA_USAGE = YES_ERROR;
				CLANG_WARN_EMPTY_BODY = YES;
				CLANG_WARN_ENUM_CONVERSION = YES;
				CLANG_WARN_INT_CONVERSION = YES;
				CLANG_WARN_OBJC_ROOT_CLASS = YES_ERROR;
				CLANG_WARN_UNREACHABLE_CODE = YES;
				CLANG_WARN__DUPLICATE_METHOD_MATCH = YES;
				"CODE_SIGN_IDENTITY[sdk=iphoneos*]" = "iPhone Developer";
				COPY_PHASE_STRIP = NO;
				DEBUG_INFORMATION_FORMAT = "dwarf-with-dsym";
				ENABLE_NS_ASSERTIONS = NO;
				ENABLE_STRICT_OBJC_MSGSEND = YES;
				GCC_C_LANGUAGE_STANDARD = gnu99;
				GCC_NO_COMMON_BLOCKS = YES;
				GCC_WARN_64_TO_32_BIT_CONVERSION = YES;
				GCC_WARN_ABOUT_RETURN_TYPE = YES_ERROR;
				GCC_WARN_UNDECLARED_SELECTOR = YES;
				GCC_WARN_UNINITIALIZED_AUTOS = YES_AGGRESSIVE;
				GCC_WARN_UNUSED_FUNCTION = YES;
				GCC_WARN_UNUSED_VARIABLE = YES;
				IPHONEOS_DEPLOYMENT_TARGET = 8.4;
				MTL_ENABLE_DEBUG_INFO = NO;
				SDKROOT = iphoneos;
				VALIDATE_PRODUCT = YES;
			};
			name = Release;
		};
		292814721B8E029A008AEC55 /* Debug */ = {
			isa = XCBuildConfiguration;
			buildSettings = {
				ASSETCATALOG_COMPILER_APPICON_NAME = AppIcon;
				INFOPLIST_FILE = Genealogy/Info.plist;
				LD_RUNPATH_SEARCH_PATHS = "$(inherited) @executable_path/Frameworks";
				PRODUCT_NAME = "$(TARGET_NAME)";
			};
			name = Debug;
		};
		292814731B8E029A008AEC55 /* Release */ = {
			isa = XCBuildConfiguration;
			buildSettings = {
				ASSETCATALOG_COMPILER_APPICON_NAME = AppIcon;
				INFOPLIST_FILE = Genealogy/Info.plist;
				LD_RUNPATH_SEARCH_PATHS = "$(inherited) @executable_path/Frameworks";
				PRODUCT_NAME = "$(TARGET_NAME)";
			};
			name = Release;
		};
		292814751B8E029A008AEC55 /* Debug */ = {
			isa = XCBuildConfiguration;
			buildSettings = {
				BUNDLE_LOADER = "$(TEST_HOST)";
				FRAMEWORK_SEARCH_PATHS = (
					"$(SDKROOT)/Developer/Library/Frameworks",
					"$(inherited)",
				);
				GCC_PREPROCESSOR_DEFINITIONS = (
					"DEBUG=1",
					"$(inherited)",
				);
				INFOPLIST_FILE = GenealogyTests/Info.plist;
				LD_RUNPATH_SEARCH_PATHS = "$(inherited) @executable_path/Frameworks @loader_path/Frameworks";
				PRODUCT_NAME = "$(TARGET_NAME)";
				TEST_HOST = "$(BUILT_PRODUCTS_DIR)/Genealogy.app/Genealogy";
			};
			name = Debug;
		};
		292814761B8E029A008AEC55 /* Release */ = {
			isa = XCBuildConfiguration;
			buildSettings = {
				BUNDLE_LOADER = "$(TEST_HOST)";
				FRAMEWORK_SEARCH_PATHS = (
					"$(SDKROOT)/Developer/Library/Frameworks",
					"$(inherited)",
				);
				INFOPLIST_FILE = GenealogyTests/Info.plist;
				LD_RUNPATH_SEARCH_PATHS = "$(inherited) @executable_path/Frameworks @loader_path/Frameworks";
				PRODUCT_NAME = "$(TARGET_NAME)";
				TEST_HOST = "$(BUILT_PRODUCTS_DIR)/Genealogy.app/Genealogy";
			};
			name = Release;
		};
/* End XCBuildConfiguration section */

/* Begin XCConfigurationList section */
		292814461B8E029A008AEC55 /* Build configuration list for PBXProject "Genealogy" */ = {
			isa = XCConfigurationList;
			buildConfigurations = (
				2928146F1B8E029A008AEC55 /* Debug */,
				292814701B8E029A008AEC55 /* Release */,
			);
			defaultConfigurationIsVisible = 0;
			defaultConfigurationName = Release;
		};
		292814711B8E029A008AEC55 /* Build configuration list for PBXNativeTarget "Genealogy" */ = {
			isa = XCConfigurationList;
			buildConfigurations = (
				292814721B8E029A008AEC55 /* Debug */,
				292814731B8E029A008AEC55 /* Release */,
			);
			defaultConfigurationIsVisible = 0;
			defaultConfigurationName = Release;
		};
		292814741B8E029A008AEC55 /* Build configuration list for PBXNativeTarget "GenealogyTests" */ = {
			isa = XCConfigurationList;
			buildConfigurations = (
				292814751B8E029A008AEC55 /* Debug */,
				292814761B8E029A008AEC55 /* Release */,
			);
			defaultConfigurationIsVisible = 0;
			defaultConfigurationName = Release;
		};
/* End XCConfigurationList section */
	};
	rootObject = 292814431B8E029A008AEC55 /* Project object */;
}
